
Microsoft Visual Studio Solution File, Format Version 12.00
# Visual Studio 2012
Project("{2150E333-8FDC-42A3-9474-1A3956D46DE8}") = "Gatekeeper", "Gatekeeper", "{ED9FAA80-7718-4EA6-BF03-2D7442A2A5F2}"
EndProject
Project("{2150E333-8FDC-42A3-9474-1A3956D46DE8}") = "Platform", "Platform", "{3B18D66E-CFEA-4A99-94AD-B3B6E7139243}"
EndProject
Project("{2150E333-8FDC-42A3-9474-1A3956D46DE8}") = "Heartbeat", "Heartbeat", "{8C07E6AF-D912-4AB2-86AB-4EE605B52421}"
EndProject
Project("{2150E333-8FDC-42A3-9474-1A3956D46DE8}") = "Tools", "Tools", "{81991F78-0AA2-4D5A-A45C-F4495F8F873B}"
EndProject
Project("{2150E333-8FDC-42A3-9474-1A3956D46DE8}") = "Gatekeeper", "Gatekeeper", "{BF16E7F4-D5FF-466C-BB03-E670F46B17F5}"
EndProject
Project("{2150E333-8FDC-42A3-9474-1A3956D46DE8}") = "Portal", "Portal", "{EBECA7ED-04FD-4EF3-B9D9-7417773ABCB0}"
EndProject
Project("{FAE04EC0-301F-11D3-BF4B-00C04F79EFBC}") = "GatekeeperCore", "Platform\Gatekeeper\GatekeeperCore\GatekeeperCore.csproj", "{39C104F0-7D87-48CA-AAA9-2732A8A05800}"
EndProject
Project("{FAE04EC0-301F-11D3-BF4B-00C04F79EFBC}") = "Shared", "..\Shared\Shared.csproj", "{10571A55-2270-4A83-9B56-28C186BAC59D}"
EndProject
Project("{FAE04EC0-301F-11D3-BF4B-00C04F79EFBC}") = "HeartbeatService", "Platform\Heartbeat\HeartbeatService\HeartbeatService.csproj", "{FCCAAD69-E4AA-4C34-B566-06D533AFA254}"
EndProject
Project("{FAE04EC0-301F-11D3-BF4B-00C04F79EFBC}") = "Gatekeeper", "Tools\Gatekeeper\WinService\Gatekeeper.csproj", "{4D91E872-DDA4-44E2-96E7-850BB6DBADD1}"
EndProject
Project("{FAE04EC0-301F-11D3-BF4B-00C04F79EFBC}") = "GatekeeperWeb", "Platform\Gatekeeper\GatekeeperWeb\GatekeeperWeb.csproj", "{998DCEB4-0D3D-4CD0-890C-4A84ABF8158E}"
EndProject
Project("{FAE04EC0-301F-11D3-BF4B-00C04F79EFBC}") = "MvcWebRole", "Portal\MvcWebRole\MvcWebRole.csproj", "{8441A87F-68A2-48EB-AC7D-C0C33D8ADBE6}"
EndProject
Project("{FAE04EC0-301F-11D3-BF4B-00C04F79EFBC}") = "WorkerRole", "Portal\WorkerRole\WorkerRole.csproj", "{77F63E0B-526D-48A5-9BC0-8A686C6759C6}"
EndProject
Project("{2150E333-8FDC-42A3-9474-1A3956D46DE8}") = "Deploy", "Deploy", "{9EF3F6B5-DD84-46BC-964F-2B2A5C6591A4}"
EndProject
Project("{CC5FD16D-436D-48AD-A40C-5A424C6E3E79}") = "Homelab Azure Services", "Deploy\Homelab Azure Services\Homelab Azure Services.ccproj", "{AAAC401D-F8F5-41EA-8FA8-C634250FC01A}"
EndProject
Project("{2150E333-8FDC-42A3-9474-1A3956D46DE8}") = "LiveIdRedirection", "LiveIdRedirection", "{50225A17-6547-40D9-A3E8-75F2ED35BD5F}"
EndProject
Project("{FAE04EC0-301F-11D3-BF4B-00C04F79EFBC}") = "RedirectWebRole", "Platform\LiveIdRedirection\RedirectWebRole\RedirectWebRole.csproj", "{A30EDC3C-7828-41A9-AE16-999CD908BF33}"
EndProject
Project("{CC5FD16D-436D-48AD-A40C-5A424C6E3E79}") = "Gatekeeper", "Gatekeeper\Gatekeeper.ccproj", "{DB8D63D7-16A4-4197-BCE9-8687F3A0B7D6}"
EndProject
Global
	GlobalSection(TeamFoundationVersionControl) = preSolution
		SccNumberOfProjects = 11
		SccEnterpriseProvider = {4CA58AB2-18FA-4F8D-95D4-32DDF27D184C}
		SccTeamFoundationServer = https://vstf-us-wa-09.partners.extranet.microsoft.com:8443/tfs/ext_09_consol_tpc1
		SccLocalPath0 = .
		SccProjectUniqueName1 = ..\\Shared\\Shared.csproj
		SccProjectName1 = ../Shared
		SccLocalPath1 = ..\\Shared
		SccProjectUniqueName2 = Platform\\Heartbeat\\HeartbeatService\\HeartbeatService.csproj
		SccProjectTopLevelParentUniqueName2 = Cloud.sln
		SccProjectName2 = Platform/Heartbeat/HeartbeatService
		SccLocalPath2 = Platform\\Heartbeat\\HeartbeatService
		SccProjectUniqueName3 = Tools\\Gatekeeper\\WinService\\Gatekeeper.csproj
		SccProjectTopLevelParentUniqueName3 = Cloud.sln
		SccProjectName3 = Tools/Gatekeeper/WinService
		SccLocalPath3 = Tools\\Gatekeeper\\WinService
		SccProjectUniqueName4 = Platform\\Gatekeeper\\GatekeeperCore\\GatekeeperCore.csproj
		SccProjectTopLevelParentUniqueName4 = Cloud.sln
		SccProjectName4 = Platform/Gatekeeper/GatekeeperCore
		SccLocalPath4 = Platform\\Gatekeeper\\GatekeeperCore
		SccProjectUniqueName5 = Platform\\Gatekeeper\\GatekeeperWeb\\GatekeeperWeb.csproj
		SccProjectTopLevelParentUniqueName5 = Cloud.sln
		SccProjectName5 = Platform/Gatekeeper/GatekeeperWeb
		SccLocalPath5 = Platform\\Gatekeeper\\GatekeeperWeb
		SccProjectUniqueName6 = Portal\\MvcWebRole\\MvcWebRole.csproj
		SccProjectTopLevelParentUniqueName6 = Cloud.sln
		SccProjectName6 = Portal/MvcWebRole
		SccLocalPath6 = Portal\\MvcWebRole
		SccProjectUniqueName7 = Portal\\WorkerRole\\WorkerRole.csproj
		SccProjectTopLevelParentUniqueName7 = Cloud.sln
		SccProjectName7 = Portal/WorkerRole
		SccLocalPath7 = Portal\\WorkerRole
		SccProjectUniqueName8 = Deploy\\Homelab\u0020Azure\u0020Services\\Homelab\u0020Azure\u0020Services.ccproj
		SccProjectTopLevelParentUniqueName8 = Cloud.sln
		SccProjectName8 = Deploy/Homelab\u0020Azure\u0020Services
		SccLocalPath8 = Deploy\\Homelab\u0020Azure\u0020Services
		SccProjectUniqueName9 = Platform\\LiveIdRedirection\\RedirectWebRole\\RedirectWebRole.csproj
		SccProjectTopLevelParentUniqueName9 = Cloud.sln
		SccProjectName9 = Platform/LiveIdRedirection/RedirectWebRole
		SccLocalPath9 = Platform\\LiveIdRedirection\\RedirectWebRole
		SccProjectUniqueName10 = Gatekeeper\\Gatekeeper.ccproj
		SccProjectTopLevelParentUniqueName10 = Cloud.sln
		SccProjectName10 = Gatekeeper
		SccLocalPath10 = Gatekeeper
	EndGlobalSection
	GlobalSection(SolutionConfigurationPlatforms) = preSolution
		Debug|Any CPU = Debug|Any CPU
		Release|Any CPU = Release|Any CPU
	EndGlobalSection
	GlobalSection(ProjectConfigurationPlatforms) = postSolution
		{39C104F0-7D87-48CA-AAA9-2732A8A05800}.Debug|Any CPU.ActiveCfg = Debug|Any CPU
		{39C104F0-7D87-48CA-AAA9-2732A8A05800}.Debug|Any CPU.Build.0 = Debug|Any CPU
		{39C104F0-7D87-48CA-AAA9-2732A8A05800}.Release|Any CPU.ActiveCfg = Release|Any CPU
		{39C104F0-7D87-48CA-AAA9-2732A8A05800}.Release|Any CPU.Build.0 = Release|Any CPU
		{10571A55-2270-4A83-9B56-28C186BAC59D}.Debug|Any CPU.ActiveCfg = Debug|Any CPU
		{10571A55-2270-4A83-9B56-28C186BAC59D}.Debug|Any CPU.Build.0 = Debug|Any CPU
		{10571A55-2270-4A83-9B56-28C186BAC59D}.Release|Any CPU.ActiveCfg = Release|Any CPU
		{10571A55-2270-4A83-9B56-28C186BAC59D}.Release|Any CPU.Build.0 = Release|Any CPU
		{FCCAAD69-E4AA-4C34-B566-06D533AFA254}.Debug|Any CPU.ActiveCfg = Debug|Any CPU
		{FCCAAD69-E4AA-4C34-B566-06D533AFA254}.Debug|Any CPU.Build.0 = Debug|Any CPU
		{FCCAAD69-E4AA-4C34-B566-06D533AFA254}.Release|Any CPU.ActiveCfg = Release|Any CPU
		{FCCAAD69-E4AA-4C34-B566-06D533AFA254}.Release|Any CPU.Build.0 = Release|Any CPU
		{4D91E872-DDA4-44E2-96E7-850BB6DBADD1}.Debug|Any CPU.ActiveCfg = Debug|Any CPU
		{4D91E872-DDA4-44E2-96E7-850BB6DBADD1}.Debug|Any CPU.Build.0 = Debug|Any CPU
		{4D91E872-DDA4-44E2-96E7-850BB6DBADD1}.Release|Any CPU.ActiveCfg = Release|Any CPU
		{4D91E872-DDA4-44E2-96E7-850BB6DBADD1}.Release|Any CPU.Build.0 = Release|Any CPU
		{998DCEB4-0D3D-4CD0-890C-4A84ABF8158E}.Debug|Any CPU.ActiveCfg = Debug|Any CPU
		{998DCEB4-0D3D-4CD0-890C-4A84ABF8158E}.Debug|Any CPU.Build.0 = Debug|Any CPU
		{998DCEB4-0D3D-4CD0-890C-4A84ABF8158E}.Release|Any CPU.ActiveCfg = Release|Any CPU
		{998DCEB4-0D3D-4CD0-890C-4A84ABF8158E}.Release|Any CPU.Build.0 = Release|Any CPU
		{8441A87F-68A2-48EB-AC7D-C0C33D8ADBE6}.Debug|Any CPU.ActiveCfg = Debug|Any CPU
		{8441A87F-68A2-48EB-AC7D-C0C33D8ADBE6}.Debug|Any CPU.Build.0 = Debug|Any CPU
		{8441A87F-68A2-48EB-AC7D-C0C33D8ADBE6}.Release|Any CPU.ActiveCfg = Release|Any CPU
		{8441A87F-68A2-48EB-AC7D-C0C33D8ADBE6}.Release|Any CPU.Build.0 = Release|Any CPU
		{77F63E0B-526D-48A5-9BC0-8A686C6759C6}.Debug|Any CPU.ActiveCfg = Debug|Any CPU
		{77F63E0B-526D-48A5-9BC0-8A686C6759C6}.Debug|Any CPU.Build.0 = Debug|Any CPU
		{77F63E0B-526D-48A5-9BC0-8A686C6759C6}.Release|Any CPU.ActiveCfg = Release|Any CPU
		{77F63E0B-526D-48A5-9BC0-8A686C6759C6}.Release|Any CPU.Build.0 = Release|Any CPU
		{AAAC401D-F8F5-41EA-8FA8-C634250FC01A}.Debug|Any CPU.ActiveCfg = Debug|Any CPU
		{AAAC401D-F8F5-41EA-8FA8-C634250FC01A}.Debug|Any CPU.Build.0 = Debug|Any CPU
		{AAAC401D-F8F5-41EA-8FA8-C634250FC01A}.Release|Any CPU.ActiveCfg = Release|Any CPU
		{AAAC401D-F8F5-41EA-8FA8-C634250FC01A}.Release|Any CPU.Build.0 = Release|Any CPU
		{A30EDC3C-7828-41A9-AE16-999CD908BF33}.Debug|Any CPU.ActiveCfg = Debug|Any CPU
		{A30EDC3C-7828-41A9-AE16-999CD908BF33}.Debug|Any CPU.Build.0 = Debug|Any CPU
		{A30EDC3C-7828-41A9-AE16-999CD908BF33}.Release|Any CPU.ActiveCfg = Release|Any CPU
		{A30EDC3C-7828-41A9-AE16-999CD908BF33}.Release|Any CPU.Build.0 = Release|Any CPU
		{DB8D63D7-16A4-4197-BCE9-8687F3A0B7D6}.Debug|Any CPU.ActiveCfg = Debug|Any CPU
		{DB8D63D7-16A4-4197-BCE9-8687F3A0B7D6}.Debug|Any CPU.Build.0 = Debug|Any CPU
		{DB8D63D7-16A4-4197-BCE9-8687F3A0B7D6}.Release|Any CPU.ActiveCfg = Release|Any CPU
		{DB8D63D7-16A4-4197-BCE9-8687F3A0B7D6}.Release|Any CPU.Build.0 = Release|Any CPU
	EndGlobalSection
	GlobalSection(SolutionProperties) = preSolution
		HideSolutionNode = FALSE
	EndGlobalSection
	GlobalSection(NestedProjects) = preSolution
		{ED9FAA80-7718-4EA6-BF03-2D7442A2A5F2} = {3B18D66E-CFEA-4A99-94AD-B3B6E7139243}
		{8C07E6AF-D912-4AB2-86AB-4EE605B52421} = {3B18D66E-CFEA-4A99-94AD-B3B6E7139243}
		{50225A17-6547-40D9-A3E8-75F2ED35BD5F} = {3B18D66E-CFEA-4A99-94AD-B3B6E7139243}
		{39C104F0-7D87-48CA-AAA9-2732A8A05800} = {ED9FAA80-7718-4EA6-BF03-2D7442A2A5F2}
		{998DCEB4-0D3D-4CD0-890C-4A84ABF8158E} = {ED9FAA80-7718-4EA6-BF03-2D7442A2A5F2}
		{FCCAAD69-E4AA-4C34-B566-06D533AFA254} = {8C07E6AF-D912-4AB2-86AB-4EE605B52421}
		{BF16E7F4-D5FF-466C-BB03-E670F46B17F5} = {81991F78-0AA2-4D5A-A45C-F4495F8F873B}
		{4D91E872-DDA4-44E2-96E7-850BB6DBADD1} = {BF16E7F4-D5FF-466C-BB03-E670F46B17F5}
		{8441A87F-68A2-48EB-AC7D-C0C33D8ADBE6} = {EBECA7ED-04FD-4EF3-B9D9-7417773ABCB0}
		{77F63E0B-526D-48A5-9BC0-8A686C6759C6} = {EBECA7ED-04FD-4EF3-B9D9-7417773ABCB0}
		{AAAC401D-F8F5-41EA-8FA8-C634250FC01A} = {9EF3F6B5-DD84-46BC-964F-2B2A5C6591A4}
		{DB8D63D7-16A4-4197-BCE9-8687F3A0B7D6} = {9EF3F6B5-DD84-46BC-964F-2B2A5C6591A4}
		{A30EDC3C-7828-41A9-AE16-999CD908BF33} = {50225A17-6547-40D9-A3E8-75F2ED35BD5F}
	EndGlobalSection
EndGlobal
