
Microsoft Visual Studio Solution File, Format Version 12.00
# Visual Studio 2012
Project("{FAE04EC0-301F-11D3-BF4B-00C04F79EFBC}") = "HomeOSGadgeteerLibrary", "..\HomeOSGadgeteerLibrary\HomeOSGadgeteerLibrary.csproj", "{C73CC78F-AA3D-481D-9528-E84F7F51C1BC}"
EndProject
Project("{FAE04EC0-301F-11D3-BF4B-00C04F79EFBC}") = "MoistureSensor", "MoistureSensor\MoistureSensor.csproj", "{FEAE4F11-48AF-4045-A1EF-8868DFE24A49}"
EndProject
Global
	GlobalSection(TeamFoundationVersionControl) = preSolution
		SccNumberOfProjects = 3
		SccEnterpriseProvider = {4CA58AB2-18FA-4F8D-95D4-32DDF27D184C}
		SccTeamFoundationServer = https://vstf-us-wa-09.partners.extranet.microsoft.com:8443/tfs/ext_09_consol_tpc1
		SccLocalPath0 = .
		SccProjectUniqueName1 = ..\\HomeOSGadgeteerLibrary\\HomeOSGadgeteerLibrary.csproj
		SccProjectName1 = ../HomeOSGadgeteerLibrary
		SccLocalPath1 = ..\\HomeOSGadgeteerLibrary
		SccProjectUniqueName2 = MoistureSensor\\MoistureSensor.csproj
		SccProjectName2 = MoistureSensor
		SccLocalPath2 = MoistureSensor
	EndGlobalSection
	GlobalSection(SolutionConfigurationPlatforms) = preSolution
		Debug|Any CPU = Debug|Any CPU
		Release|Any CPU = Release|Any CPU
	EndGlobalSection
	GlobalSection(ProjectConfigurationPlatforms) = postSolution
		{C73CC78F-AA3D-481D-9528-E84F7F51C1BC}.Debug|Any CPU.ActiveCfg = Debug|Any CPU
		{C73CC78F-AA3D-481D-9528-E84F7F51C1BC}.Debug|Any CPU.Build.0 = Debug|Any CPU
		{C73CC78F-AA3D-481D-9528-E84F7F51C1BC}.Release|Any CPU.ActiveCfg = Release|Any CPU
		{C73CC78F-AA3D-481D-9528-E84F7F51C1BC}.Release|Any CPU.Build.0 = Release|Any CPU
		{FEAE4F11-48AF-4045-A1EF-8868DFE24A49}.Debug|Any CPU.ActiveCfg = Debug|Any CPU
		{FEAE4F11-48AF-4045-A1EF-8868DFE24A49}.Debug|Any CPU.Build.0 = Debug|Any CPU
		{FEAE4F11-48AF-4045-A1EF-8868DFE24A49}.Debug|Any CPU.Deploy.0 = Debug|Any CPU
		{FEAE4F11-48AF-4045-A1EF-8868DFE24A49}.Release|Any CPU.ActiveCfg = Release|Any CPU
		{FEAE4F11-48AF-4045-A1EF-8868DFE24A49}.Release|Any CPU.Build.0 = Release|Any CPU
		{FEAE4F11-48AF-4045-A1EF-8868DFE24A49}.Release|Any CPU.Deploy.0 = Release|Any CPU
	EndGlobalSection
	GlobalSection(SolutionProperties) = preSolution
		HideSolutionNode = FALSE
	EndGlobalSection
EndGlobal
