
Microsoft Visual Studio Solution File, Format Version 12.00
# Visual Studio 2012
Project("{FAE04EC0-301F-11D3-BF4B-00C04F79EFBC}") = "Alerts", "Apps\Alerts\Alerts.csproj", "{B114FC72-2C19-4A35-ABD5-C55BA6EBA1D5}"
	ProjectSection(ProjectDependencies) = postProject
		{2B68B717-75D4-44CE-B6E8-64249A5F9A70} = {2B68B717-75D4-44CE-B6E8-64249A5F9A70}
	EndProjectSection
EndProject
Project("{FAE04EC0-301F-11D3-BF4B-00C04F79EFBC}") = "Dummy", "Apps\Dummy\Dummy.csproj", "{93CF03B5-8A1A-4E3A-B9DE-2A42BDAC6858}"
	ProjectSection(ProjectDependencies) = postProject
		{2B68B717-75D4-44CE-B6E8-64249A5F9A70} = {2B68B717-75D4-44CE-B6E8-64249A5F9A70}
	EndProjectSection
EndProject
Project("{2150E333-8FDC-42A3-9474-1A3956D46DE8}") = "Apps", "Apps", "{1C5F5FF2-F4AD-4745-B3D2-F9325CA363D3}"
EndProject
Project("{2150E333-8FDC-42A3-9474-1A3956D46DE8}") = "Drivers", "Drivers", "{AF658F57-DCBA-48B4-8466-8475DA86058A}"
EndProject
Project("{FAE04EC0-301F-11D3-BF4B-00C04F79EFBC}") = "Dummy", "Drivers\Dummy\Dummy.csproj", "{9B69CC8C-22E4-4A2A-AB08-C04CE905F143}"
EndProject
Project("{FAE04EC0-301F-11D3-BF4B-00C04F79EFBC}") = "Foscam", "Drivers\Foscam\Foscam.csproj", "{238489E7-A61B-4606-B0BB-A2E7E5DD1B88}"
EndProject
Project("{FAE04EC0-301F-11D3-BF4B-00C04F79EFBC}") = "Gadgeteer.MicrosoftResearch.WindowCamera", "Drivers\GadgetCamera\Gadgeteer.MicrosoftResearch.WindowCamera.csproj", "{1C51A823-842B-403E-BDAE-9498ED18F41F}"
EndProject
Project("{FAE04EC0-301F-11D3-BF4B-00C04F79EFBC}") = "Gadgeteer.MicrosoftResearch.MoistureSensor", "Drivers\Gadgeteer\Gadgeteer.MicrosoftResearch.MoistureSensor.csproj", "{6074DB78-93FE-4AE1-A297-DE14259EF866}"
EndProject
Project("{FAE04EC0-301F-11D3-BF4B-00C04F79EFBC}") = "VideoLoading", "Drivers\VideoLoading\VideoLoading.csproj", "{44841FF0-B3F6-4410-8512-60F48756070D}"
EndProject
Project("{FAE04EC0-301F-11D3-BF4B-00C04F79EFBC}") = "WebCam", "Drivers\WebCam\WebCam.csproj", "{BF532D34-833C-4FB3-88CA-07E58510F130}"
EndProject
Project("{2150E333-8FDC-42A3-9474-1A3956D46DE8}") = "Platform", "Platform", "{B8DBF8CA-1178-4C5F-8C34-6E73DA0B64F0}"
EndProject
Project("{FAE04EC0-301F-11D3-BF4B-00C04F79EFBC}") = "Adapters", "Platform\Adapters\Adapters.csproj", "{3F789879-0944-463C-A747-2F74AD916186}"
	ProjectSection(ProjectDependencies) = postProject
		{F1F63113-59BE-4CB9-90AB-0FEA9DE4379E} = {F1F63113-59BE-4CB9-90AB-0FEA9DE4379E}
		{71272F38-FC7D-4170-8411-51E27200C791} = {71272F38-FC7D-4170-8411-51E27200C791}
	EndProjectSection
EndProject
Project("{FAE04EC0-301F-11D3-BF4B-00C04F79EFBC}") = "Contracts", "Platform\Contracts\Contracts.csproj", "{F1F63113-59BE-4CB9-90AB-0FEA9DE4379E}"
EndProject
Project("{FAE04EC0-301F-11D3-BF4B-00C04F79EFBC}") = "ManagedWifi", "Platform\ManagedWifi\ManagedWifi.csproj", "{D9B1E621-4C9D-4E76-8575-5B2F8FBB8988}"
EndProject
Project("{FAE04EC0-301F-11D3-BF4B-00C04F79EFBC}") = "Platform", "Platform\Platform\Platform.csproj", "{2B68B717-75D4-44CE-B6E8-64249A5F9A70}"
EndProject
Project("{FAE04EC0-301F-11D3-BF4B-00C04F79EFBC}") = "Views", "Platform\View\Views.csproj", "{71272F38-FC7D-4170-8411-51E27200C791}"
EndProject
Project("{2150E333-8FDC-42A3-9474-1A3956D46DE8}") = "Tools", "Tools", "{AEF9F45F-34BF-435B-91BE-FBA196F9716E}"
	ProjectSection(SolutionItems) = preProject
		Tools\config-v1.2.0.zip = Tools\config-v1.2.0.zip
		Tools\config-v2.0.zip = Tools\config-v2.0.zip
		Tools\config.xml = Tools\config.xml
		Tools\liveid redirection point.php = Tools\liveid redirection point.php
	EndProjectSection
EndProject
Project("{2150E333-8FDC-42A3-9474-1A3956D46DE8}") = "WebCam", "WebCam", "{3AEAA9B3-D3FB-4666-A3F3-07ED31583CEA}"
EndProject
Project("{FAE04EC0-301F-11D3-BF4B-00C04F79EFBC}") = "Demo", "Tools\Webcam\Demo\Demo.csproj", "{C86E37D6-BE07-4B1C-B89A-8FC1A9A6CBB8}"
EndProject
Project("{2150E333-8FDC-42A3-9474-1A3956D46DE8}") = "Dashboard", "Dashboard", "{7DBB49CF-CAE0-473A-A36B-AC0AF92FC75F}"
EndProject
Project("{FAE04EC0-301F-11D3-BF4B-00C04F79EFBC}") = "DashboardWeb", "Dashboard\DashboardWeb\DashboardWeb.csproj", "{F53D1B3A-6159-4F76-9253-4E486E72D835}"
EndProject
Project("{FAE04EC0-301F-11D3-BF4B-00C04F79EFBC}") = "Common", "Common\Common.csproj", "{6F879B8B-C4B1-4E8D-9BF2-C6376B05E4EC}"
EndProject
Project("{FAE04EC0-301F-11D3-BF4B-00C04F79EFBC}") = "HomeService", "Platform\HomeService\HomeService.csproj", "{62467325-6D15-4161-A09D-07B7793DAB68}"
EndProject
Project("{FAE04EC0-301F-11D3-BF4B-00C04F79EFBC}") = "Shared", "..\Shared\Shared.csproj", "{10571A55-2270-4A83-9B56-28C186BAC59D}"
EndProject
Project("{2150E333-8FDC-42A3-9474-1A3956D46DE8}") = "SmartCam", "SmartCam", "{EE86E1A9-FFEA-4C8E-A1BE-30FF0AD3AB78}"
EndProject
Project("{FAE04EC0-301F-11D3-BF4B-00C04F79EFBC}") = "SmartCam", "Apps\SmartCam\SmartCam.csproj", "{7C1E0409-69EF-407F-B063-29057BE04992}"
	ProjectSection(ProjectDependencies) = postProject
		{2B68B717-75D4-44CE-B6E8-64249A5F9A70} = {2B68B717-75D4-44CE-B6E8-64249A5F9A70}
	EndProjectSection
EndProject
Project("{8BC9CEB8-8B4A-11D0-8D11-00A0C91BC942}") = "SmartRecorder", "Apps\SmartCam\SmartRecorder\SmartRecorder.vcxproj", "{239CA191-4A9B-4C7D-BC61-D1B82CD678D5}"
EndProject
Project("{2150E333-8FDC-42A3-9474-1A3956D46DE8}") = "Common", "Common", "{9ED47993-DCB7-43E5-BC68-026BFF7E2DFD}"
EndProject
Project("{2150E333-8FDC-42A3-9474-1A3956D46DE8}") = "WebCam", "WebCam", "{8A302CE4-8BD6-46D9-AA61-92E7A2CB6F5E}"
EndProject
Project("{FAE04EC0-301F-11D3-BF4B-00C04F79EFBC}") = "WebCamWrapper", "Common\WebCam\WebCamWrapper\WebCamWrapper.csproj", "{CC5D5149-0092-4508-AC34-2ABE1468A1C9}"
	ProjectSection(ProjectDependencies) = postProject
		{FD48314A-9615-4BA6-913A-03787FB2DD30} = {FD48314A-9615-4BA6-913A-03787FB2DD30}
	EndProjectSection
EndProject
Project("{8BC9CEB8-8B4A-11D0-8D11-00A0C91BC942}") = "WebCamLib", "Common\WebCam\WebCamLib\WebCamLib.vcxproj", "{FD48314A-9615-4BA6-913A-03787FB2DD30}"
EndProject
Project("{2150E333-8FDC-42A3-9474-1A3956D46DE8}") = "UnitTests", "UnitTests", "{046B427C-ECB3-40CF-94CA-7935052852EF}"
EndProject
Project("{FAE04EC0-301F-11D3-BF4B-00C04F79EFBC}") = "UnitTests", "UnitTests\UnitTests.csproj", "{BCED5CED-5AE7-4684-A9A4-277DADB04857}"
EndProject
Project("{2150E333-8FDC-42A3-9474-1A3956D46DE8}") = "Scouts", "Scouts", "{BDB09C07-60BD-46D0-AECB-057D7F5590EA}"
EndProject
Project("{FAE04EC0-301F-11D3-BF4B-00C04F79EFBC}") = "WebCam", "Scouts\WebCam\WebCam.csproj", "{D3394DA2-560D-4A25-9486-A68503B9E360}"
EndProject
Project("{2150E333-8FDC-42A3-9474-1A3956D46DE8}") = "RestCallTest", "RestCallTest", "{1B3F3606-1E74-4555-8589-A4A0D4AAD3AF}"
	ProjectSection(SolutionItems) = preProject
		Tools\RestCallTest\index.html = Tools\RestCallTest\index.html
		Tools\RestCallTest\index.js = Tools\RestCallTest\index.js
		Tools\RestCallTest\jquery-1.7.2.js = Tools\RestCallTest\jquery-1.7.2.js
	EndProjectSection
EndProject
Project("{2150E333-8FDC-42A3-9474-1A3956D46DE8}") = "Styles", "Styles", "{7F1F2F10-44C0-4B43-A0FC-3EF45F16474C}"
	ProjectSection(SolutionItems) = preProject
		Tools\RestCallTest\Styles\master.css = Tools\RestCallTest\Styles\master.css
	EndProjectSection
EndProject
Project("{2150E333-8FDC-42A3-9474-1A3956D46DE8}") = "Watchdog", "Watchdog", "{20C51D08-5024-40FC-8A24-25319647B5D8}"
EndProject
Project("{FAE04EC0-301F-11D3-BF4B-00C04F79EFBC}") = "Watchdog", "WatchDog\Watchdog.csproj", "{B9EE271D-461E-4B89-97DF-CE64109F5B90}"
EndProject
Project("{FAE04EC0-301F-11D3-BF4B-00C04F79EFBC}") = "Foscam", "Scouts\Foscam\Foscam.csproj", "{23A86E68-65DA-447B-A29A-C7FDEB043A1F}"
EndProject
Project("{2150E333-8FDC-42A3-9474-1A3956D46DE8}") = "HeartbeatMonitor", "HeartbeatMonitor", "{DAA1AD88-67AB-4509-9F00-17480CDF6B44}"
	ProjectSection(SolutionItems) = preProject
		Tools\HeartbeatMonitor\index.html = Tools\HeartbeatMonitor\index.html
		Tools\HeartbeatMonitor\index.js = Tools\HeartbeatMonitor\index.js
		Tools\HeartbeatMonitor\jquery-1.7.1.js = Tools\HeartbeatMonitor\jquery-1.7.1.js
	EndProjectSection
EndProject
Project("{2150E333-8FDC-42A3-9474-1A3956D46DE8}") = "Styles", "Styles", "{4D8C8039-0408-4FE7-9CE9-6A5005D072F2}"
	ProjectSection(SolutionItems) = preProject
		Tools\HeartbeatMonitor\Styles\style.css = Tools\HeartbeatMonitor\Styles\style.css
	EndProjectSection
EndProject
Project("{FAE04EC0-301F-11D3-BF4B-00C04F79EFBC}") = "Gadgeteer", "Scouts\Gadgeteer\Gadgeteer.csproj", "{A7F94CC5-47D0-43A4-8BB7-5F07E048BD18}"
EndProject
Project("{2150E333-8FDC-42A3-9474-1A3956D46DE8}") = "HDS", "HDS", "{7ABA533E-42E6-431E-82C8-9DCB5E22EA8A}"
EndProject
Project("{FAE04EC0-301F-11D3-BF4B-00C04F79EFBC}") = "DataStore", "Common\DataStore\DataStore.csproj", "{B7DEF861-D0E5-47CE-AEB7-2E9B6091B52F}"
EndProject
Project("{FAE04EC0-301F-11D3-BF4B-00C04F79EFBC}") = "AuthenticationService", "Platform\Authentication\AuthenticationService.csproj", "{DB0E2F8C-2834-470B-8BC8-879A35DF570B}"
EndProject
Project("{2150E333-8FDC-42A3-9474-1A3956D46DE8}") = "Gatekeeper", "Gatekeeper", "{FEA11D4E-80F4-40E4-AFC5-8614F0CC1013}"
EndProject
Project("{FAE04EC0-301F-11D3-BF4B-00C04F79EFBC}") = "HomeService", "Tools\Gatekeeper\HomeService.csproj", "{EE0B8570-7E26-4F8E-B9E8-F57796D5ABD5}"
EndProject
Project("{2150E333-8FDC-42A3-9474-1A3956D46DE8}") = "Configs", "Configs", "{CCBE8D2E-AF1A-459D-AE0F-375F7BF72129}"
	ProjectSection(SolutionItems) = preProject
		readme.txt = readme.txt
	EndProjectSection
EndProject
Project("{2150E333-8FDC-42A3-9474-1A3956D46DE8}") = "Config", "Config", "{5D3562F1-F860-4F94-95FF-272A31F5A7E4}"
	ProjectSection(SolutionItems) = preProject
		Platform\Configs\Config\.versiondef = Platform\Configs\Config\.versiondef
		Platform\Configs\Config\Devices.xml = Platform\Configs\Config\Devices.xml
		Platform\Configs\Config\Locations.xml = Platform\Configs\Config\Locations.xml
		Platform\Configs\Config\Modules.xml = Platform\Configs\Config\Modules.xml
		Platform\Configs\Config\Rules.xml = Platform\Configs\Config\Rules.xml
		Platform\Configs\Config\Scouts.xml = Platform\Configs\Config\Scouts.xml
		Platform\Configs\Config\Services.xml = Platform\Configs\Config\Services.xml
		Platform\Configs\Config\Settings.xml = Platform\Configs\Config\Settings.xml
		Platform\Configs\Config\Users.xml = Platform\Configs\Config\Users.xml
	EndProjectSection
EndProject
Project("{2150E333-8FDC-42A3-9474-1A3956D46DE8}") = "DummyConfig", "DummyConfig", "{4946E6E9-0FA0-4996-9BB4-3A87AFFDCCE5}"
	ProjectSection(SolutionItems) = preProject
		Platform\Configs\DummyConfig\.versiondef = Platform\Configs\DummyConfig\.versiondef
		Platform\Configs\DummyConfig\Devices.xml = Platform\Configs\DummyConfig\Devices.xml
		Platform\Configs\DummyConfig\Locations.xml = Platform\Configs\DummyConfig\Locations.xml
		Platform\Configs\DummyConfig\Modules.xml = Platform\Configs\DummyConfig\Modules.xml
		Platform\Configs\DummyConfig\Rules.xml = Platform\Configs\DummyConfig\Rules.xml
		Platform\Configs\DummyConfig\Scouts.xml = Platform\Configs\DummyConfig\Scouts.xml
		Platform\Configs\DummyConfig\Services.xml = Platform\Configs\DummyConfig\Services.xml
		Platform\Configs\DummyConfig\Settings.xml = Platform\Configs\DummyConfig\Settings.xml
		Platform\Configs\DummyConfig\Users.xml = Platform\Configs\DummyConfig\Users.xml
	EndProjectSection
EndProject
Project("{FAE04EC0-301F-11D3-BF4B-00C04F79EFBC}") = "Gadgeteer.MicrosoftResearch.EmotoCouch", "Drivers\GadgetCouch\Gadgeteer.MicrosoftResearch.EmotoCouch.csproj", "{B423D503-28D4-497C-9A7D-804BD60E6C15}"
EndProject
Project("{FAE04EC0-301F-11D3-BF4B-00C04F79EFBC}") = "DeviceScout", "Platform\DeviceScout\DeviceScout.csproj", "{74363882-6ECC-40F5-A7E7-139DD95B52D3}"
EndProject
Project("{FAE04EC0-301F-11D3-BF4B-00C04F79EFBC}") = "HDS_Sync", "Tools\HDS\HDS_Sync\HDS_Sync.csproj", "{4AB9BBEE-9EF4-4253-8163-8751041642E7}"
EndProject
Project("{FAE04EC0-301F-11D3-BF4B-00C04F79EFBC}") = "HDS_lsof", "Tools\HDS\HDS_lsof\HDS_lsof.csproj", "{F57B1128-1DC6-44ED-96FA-F0FC45168AAD}"
EndProject
Project("{FAE04EC0-301F-11D3-BF4B-00C04F79EFBC}") = "HDS_chmod", "Tools\HDS\HDS_chmod\HDS_chmod.csproj", "{10B55334-CC93-46F4-9B2E-0D75E49F3BC3}"
EndProject
Project("{FAE04EC0-301F-11D3-BF4B-00C04F79EFBC}") = "ConfigPackager", "Tools\ConfigPackager\ConfigPackager.csproj", "{0AF7597F-40BD-42F9-9A0A-46BDB69E4873}"
EndProject
Project("{FAE04EC0-301F-11D3-BF4B-00C04F79EFBC}") = "ConfigExplorer", "Tools\ConfigExplorer\ConfigExplorer.csproj", "{DED3B5C8-01B5-4E83-96C2-CA454FC3417C}"
EndProject
Project("{2150E333-8FDC-42A3-9474-1A3956D46DE8}") = "Setup", "Setup", "{268A7BE4-E8DD-4010-9CEE-ED679DDE8CA9}"
EndProject
Project("{2150E333-8FDC-42A3-9474-1A3956D46DE8}") = "HomeStore", "HomeStore", "{3CBE5764-0BCC-427F-88AE-F186ED0515AA}"
	ProjectSection(SolutionItems) = preProject
		Platform\HomeStore\DeviceDb.xml = Platform\HomeStore\DeviceDb.xml
		Platform\HomeStore\ModuleDb.xml = Platform\HomeStore\ModuleDb.xml
		Platform\HomeStore\RoleDb.xml = Platform\HomeStore\RoleDb.xml
	EndProjectSection
EndProject
Project("{FAE04EC0-301F-11D3-BF4B-00C04F79EFBC}") = "PlatformPackager", "Tools\PlatformPackager\PlatformPackager.csproj", "{D1D4554C-303E-457B-84BB-92ED803E1076}"
EndProject
Project("{FAE04EC0-301F-11D3-BF4B-00C04F79EFBC}") = "ModulePackager", "Tools\ModulePackager\ModulePackager.csproj", "{C3100F36-D8C4-41D1-A3E4-4EFA87E7D10D}"
EndProject
Project("{2150E333-8FDC-42A3-9474-1A3956D46DE8}") = "StartStopWatchdog", "StartStopWatchdog", "{D3EFD088-F015-4B3F-9796-861D548FC02C}"
	ProjectSection(SolutionItems) = preProject
		Tools\StartStopWatchdog\Readme.txt = Tools\StartStopWatchdog\Readme.txt
		Tools\StartStopWatchdog\StartPlatform.ps1 = Tools\StartStopWatchdog\StartPlatform.ps1
		Tools\StartStopWatchdog\StopPlatform.ps1 = Tools\StartStopWatchdog\StopPlatform.ps1
	EndProjectSection
EndProject
Global
	GlobalSection(SolutionConfigurationPlatforms) = preSolution
		ClientDebug|Any CPU = ClientDebug|Any CPU
		ClientDebug|ARM = ClientDebug|ARM
		ClientDebug|Mixed Platforms = ClientDebug|Mixed Platforms
		ClientDebug|Win32 = ClientDebug|Win32
		ClientDebug|x64 = ClientDebug|x64
		ClientDebug|x86 = ClientDebug|x86
		Debug|Any CPU = Debug|Any CPU
		Debug|ARM = Debug|ARM
		Debug|Mixed Platforms = Debug|Mixed Platforms
		Debug|Win32 = Debug|Win32
		Debug|x64 = Debug|x64
		Debug|x86 = Debug|x86
		Release|Any CPU = Release|Any CPU
		Release|ARM = Release|ARM
		Release|Mixed Platforms = Release|Mixed Platforms
		Release|Win32 = Release|Win32
		Release|x64 = Release|x64
		Release|x86 = Release|x86
	EndGlobalSection
	GlobalSection(ProjectConfigurationPlatforms) = postSolution
		{B114FC72-2C19-4A35-ABD5-C55BA6EBA1D5}.ClientDebug|Any CPU.ActiveCfg = Debug|Any CPU
		{B114FC72-2C19-4A35-ABD5-C55BA6EBA1D5}.ClientDebug|Any CPU.Build.0 = Debug|Any CPU
		{B114FC72-2C19-4A35-ABD5-C55BA6EBA1D5}.ClientDebug|ARM.ActiveCfg = Debug|Any CPU
		{B114FC72-2C19-4A35-ABD5-C55BA6EBA1D5}.ClientDebug|Mixed Platforms.ActiveCfg = Debug|Any CPU
		{B114FC72-2C19-4A35-ABD5-C55BA6EBA1D5}.ClientDebug|Mixed Platforms.Build.0 = Debug|Any CPU
		{B114FC72-2C19-4A35-ABD5-C55BA6EBA1D5}.ClientDebug|Win32.ActiveCfg = Debug|Any CPU
		{B114FC72-2C19-4A35-ABD5-C55BA6EBA1D5}.ClientDebug|x64.ActiveCfg = Debug|Any CPU
		{B114FC72-2C19-4A35-ABD5-C55BA6EBA1D5}.ClientDebug|x86.ActiveCfg = Debug|Any CPU
		{B114FC72-2C19-4A35-ABD5-C55BA6EBA1D5}.Debug|Any CPU.ActiveCfg = Debug|Any CPU
		{B114FC72-2C19-4A35-ABD5-C55BA6EBA1D5}.Debug|Any CPU.Build.0 = Debug|Any CPU
		{B114FC72-2C19-4A35-ABD5-C55BA6EBA1D5}.Debug|ARM.ActiveCfg = Debug|Any CPU
		{B114FC72-2C19-4A35-ABD5-C55BA6EBA1D5}.Debug|Mixed Platforms.ActiveCfg = Debug|Any CPU
		{B114FC72-2C19-4A35-ABD5-C55BA6EBA1D5}.Debug|Mixed Platforms.Build.0 = Debug|Any CPU
		{B114FC72-2C19-4A35-ABD5-C55BA6EBA1D5}.Debug|Win32.ActiveCfg = Debug|Any CPU
		{B114FC72-2C19-4A35-ABD5-C55BA6EBA1D5}.Debug|x64.ActiveCfg = Debug|Any CPU
		{B114FC72-2C19-4A35-ABD5-C55BA6EBA1D5}.Debug|x86.ActiveCfg = Debug|Any CPU
		{B114FC72-2C19-4A35-ABD5-C55BA6EBA1D5}.Release|Any CPU.ActiveCfg = Release|Any CPU
		{B114FC72-2C19-4A35-ABD5-C55BA6EBA1D5}.Release|Any CPU.Build.0 = Release|Any CPU
		{B114FC72-2C19-4A35-ABD5-C55BA6EBA1D5}.Release|ARM.ActiveCfg = Release|Any CPU
		{B114FC72-2C19-4A35-ABD5-C55BA6EBA1D5}.Release|Mixed Platforms.ActiveCfg = Release|Any CPU
		{B114FC72-2C19-4A35-ABD5-C55BA6EBA1D5}.Release|Mixed Platforms.Build.0 = Release|Any CPU
		{B114FC72-2C19-4A35-ABD5-C55BA6EBA1D5}.Release|Win32.ActiveCfg = Release|Any CPU
		{B114FC72-2C19-4A35-ABD5-C55BA6EBA1D5}.Release|x64.ActiveCfg = Release|Any CPU
		{B114FC72-2C19-4A35-ABD5-C55BA6EBA1D5}.Release|x86.ActiveCfg = Release|Any CPU
		{93CF03B5-8A1A-4E3A-B9DE-2A42BDAC6858}.ClientDebug|Any CPU.ActiveCfg = Debug|Any CPU
		{93CF03B5-8A1A-4E3A-B9DE-2A42BDAC6858}.ClientDebug|Any CPU.Build.0 = Debug|Any CPU
		{93CF03B5-8A1A-4E3A-B9DE-2A42BDAC6858}.ClientDebug|ARM.ActiveCfg = Debug|Any CPU
		{93CF03B5-8A1A-4E3A-B9DE-2A42BDAC6858}.ClientDebug|Mixed Platforms.ActiveCfg = Debug|Any CPU
		{93CF03B5-8A1A-4E3A-B9DE-2A42BDAC6858}.ClientDebug|Mixed Platforms.Build.0 = Debug|Any CPU
		{93CF03B5-8A1A-4E3A-B9DE-2A42BDAC6858}.ClientDebug|Win32.ActiveCfg = Debug|Any CPU
		{93CF03B5-8A1A-4E3A-B9DE-2A42BDAC6858}.ClientDebug|x64.ActiveCfg = Debug|Any CPU
		{93CF03B5-8A1A-4E3A-B9DE-2A42BDAC6858}.ClientDebug|x86.ActiveCfg = Debug|Any CPU
		{93CF03B5-8A1A-4E3A-B9DE-2A42BDAC6858}.Debug|Any CPU.ActiveCfg = Debug|Any CPU
		{93CF03B5-8A1A-4E3A-B9DE-2A42BDAC6858}.Debug|Any CPU.Build.0 = Debug|Any CPU
		{93CF03B5-8A1A-4E3A-B9DE-2A42BDAC6858}.Debug|ARM.ActiveCfg = Debug|Any CPU
		{93CF03B5-8A1A-4E3A-B9DE-2A42BDAC6858}.Debug|Mixed Platforms.ActiveCfg = Debug|Any CPU
		{93CF03B5-8A1A-4E3A-B9DE-2A42BDAC6858}.Debug|Mixed Platforms.Build.0 = Debug|Any CPU
		{93CF03B5-8A1A-4E3A-B9DE-2A42BDAC6858}.Debug|Win32.ActiveCfg = Debug|Any CPU
		{93CF03B5-8A1A-4E3A-B9DE-2A42BDAC6858}.Debug|x64.ActiveCfg = Debug|Any CPU
		{93CF03B5-8A1A-4E3A-B9DE-2A42BDAC6858}.Debug|x86.ActiveCfg = Debug|Any CPU
		{93CF03B5-8A1A-4E3A-B9DE-2A42BDAC6858}.Release|Any CPU.ActiveCfg = Release|Any CPU
		{93CF03B5-8A1A-4E3A-B9DE-2A42BDAC6858}.Release|Any CPU.Build.0 = Release|Any CPU
		{93CF03B5-8A1A-4E3A-B9DE-2A42BDAC6858}.Release|ARM.ActiveCfg = Release|Any CPU
		{93CF03B5-8A1A-4E3A-B9DE-2A42BDAC6858}.Release|Mixed Platforms.ActiveCfg = Release|Any CPU
		{93CF03B5-8A1A-4E3A-B9DE-2A42BDAC6858}.Release|Mixed Platforms.Build.0 = Release|Any CPU
		{93CF03B5-8A1A-4E3A-B9DE-2A42BDAC6858}.Release|Win32.ActiveCfg = Release|Any CPU
		{93CF03B5-8A1A-4E3A-B9DE-2A42BDAC6858}.Release|x64.ActiveCfg = Release|Any CPU
		{93CF03B5-8A1A-4E3A-B9DE-2A42BDAC6858}.Release|x86.ActiveCfg = Release|Any CPU
		{9B69CC8C-22E4-4A2A-AB08-C04CE905F143}.ClientDebug|Any CPU.ActiveCfg = Debug|Any CPU
		{9B69CC8C-22E4-4A2A-AB08-C04CE905F143}.ClientDebug|Any CPU.Build.0 = Debug|Any CPU
		{9B69CC8C-22E4-4A2A-AB08-C04CE905F143}.ClientDebug|ARM.ActiveCfg = Debug|Any CPU
		{9B69CC8C-22E4-4A2A-AB08-C04CE905F143}.ClientDebug|Mixed Platforms.ActiveCfg = Debug|Any CPU
		{9B69CC8C-22E4-4A2A-AB08-C04CE905F143}.ClientDebug|Mixed Platforms.Build.0 = Debug|Any CPU
		{9B69CC8C-22E4-4A2A-AB08-C04CE905F143}.ClientDebug|Win32.ActiveCfg = Debug|Any CPU
		{9B69CC8C-22E4-4A2A-AB08-C04CE905F143}.ClientDebug|x64.ActiveCfg = Debug|Any CPU
		{9B69CC8C-22E4-4A2A-AB08-C04CE905F143}.ClientDebug|x86.ActiveCfg = Debug|Any CPU
		{9B69CC8C-22E4-4A2A-AB08-C04CE905F143}.Debug|Any CPU.ActiveCfg = Debug|Any CPU
		{9B69CC8C-22E4-4A2A-AB08-C04CE905F143}.Debug|Any CPU.Build.0 = Debug|Any CPU
		{9B69CC8C-22E4-4A2A-AB08-C04CE905F143}.Debug|ARM.ActiveCfg = Debug|Any CPU
		{9B69CC8C-22E4-4A2A-AB08-C04CE905F143}.Debug|Mixed Platforms.ActiveCfg = Debug|Any CPU
		{9B69CC8C-22E4-4A2A-AB08-C04CE905F143}.Debug|Mixed Platforms.Build.0 = Debug|Any CPU
		{9B69CC8C-22E4-4A2A-AB08-C04CE905F143}.Debug|Win32.ActiveCfg = Debug|Any CPU
		{9B69CC8C-22E4-4A2A-AB08-C04CE905F143}.Debug|x64.ActiveCfg = Debug|Any CPU
		{9B69CC8C-22E4-4A2A-AB08-C04CE905F143}.Debug|x86.ActiveCfg = Debug|Any CPU
		{9B69CC8C-22E4-4A2A-AB08-C04CE905F143}.Release|Any CPU.ActiveCfg = Release|Any CPU
		{9B69CC8C-22E4-4A2A-AB08-C04CE905F143}.Release|Any CPU.Build.0 = Release|Any CPU
		{9B69CC8C-22E4-4A2A-AB08-C04CE905F143}.Release|ARM.ActiveCfg = Release|Any CPU
		{9B69CC8C-22E4-4A2A-AB08-C04CE905F143}.Release|Mixed Platforms.ActiveCfg = Release|Any CPU
		{9B69CC8C-22E4-4A2A-AB08-C04CE905F143}.Release|Mixed Platforms.Build.0 = Release|Any CPU
		{9B69CC8C-22E4-4A2A-AB08-C04CE905F143}.Release|Win32.ActiveCfg = Release|Any CPU
		{9B69CC8C-22E4-4A2A-AB08-C04CE905F143}.Release|x64.ActiveCfg = Release|Any CPU
		{9B69CC8C-22E4-4A2A-AB08-C04CE905F143}.Release|x86.ActiveCfg = Release|Any CPU
		{238489E7-A61B-4606-B0BB-A2E7E5DD1B88}.ClientDebug|Any CPU.ActiveCfg = Debug|Any CPU
		{238489E7-A61B-4606-B0BB-A2E7E5DD1B88}.ClientDebug|Any CPU.Build.0 = Debug|Any CPU
		{238489E7-A61B-4606-B0BB-A2E7E5DD1B88}.ClientDebug|ARM.ActiveCfg = Debug|Any CPU
		{238489E7-A61B-4606-B0BB-A2E7E5DD1B88}.ClientDebug|Mixed Platforms.ActiveCfg = Debug|Any CPU
		{238489E7-A61B-4606-B0BB-A2E7E5DD1B88}.ClientDebug|Mixed Platforms.Build.0 = Debug|Any CPU
		{238489E7-A61B-4606-B0BB-A2E7E5DD1B88}.ClientDebug|Win32.ActiveCfg = Debug|Any CPU
		{238489E7-A61B-4606-B0BB-A2E7E5DD1B88}.ClientDebug|x64.ActiveCfg = Debug|Any CPU
		{238489E7-A61B-4606-B0BB-A2E7E5DD1B88}.ClientDebug|x86.ActiveCfg = Debug|Any CPU
		{238489E7-A61B-4606-B0BB-A2E7E5DD1B88}.Debug|Any CPU.ActiveCfg = Debug|Any CPU
		{238489E7-A61B-4606-B0BB-A2E7E5DD1B88}.Debug|Any CPU.Build.0 = Debug|Any CPU
		{238489E7-A61B-4606-B0BB-A2E7E5DD1B88}.Debug|ARM.ActiveCfg = Debug|Any CPU
		{238489E7-A61B-4606-B0BB-A2E7E5DD1B88}.Debug|Mixed Platforms.ActiveCfg = Debug|Any CPU
		{238489E7-A61B-4606-B0BB-A2E7E5DD1B88}.Debug|Mixed Platforms.Build.0 = Debug|Any CPU
		{238489E7-A61B-4606-B0BB-A2E7E5DD1B88}.Debug|Win32.ActiveCfg = Debug|Any CPU
		{238489E7-A61B-4606-B0BB-A2E7E5DD1B88}.Debug|x64.ActiveCfg = Debug|Any CPU
		{238489E7-A61B-4606-B0BB-A2E7E5DD1B88}.Debug|x86.ActiveCfg = Debug|Any CPU
		{238489E7-A61B-4606-B0BB-A2E7E5DD1B88}.Release|Any CPU.ActiveCfg = Release|Any CPU
		{238489E7-A61B-4606-B0BB-A2E7E5DD1B88}.Release|Any CPU.Build.0 = Release|Any CPU
		{238489E7-A61B-4606-B0BB-A2E7E5DD1B88}.Release|ARM.ActiveCfg = Release|Any CPU
		{238489E7-A61B-4606-B0BB-A2E7E5DD1B88}.Release|Mixed Platforms.ActiveCfg = Release|Any CPU
		{238489E7-A61B-4606-B0BB-A2E7E5DD1B88}.Release|Mixed Platforms.Build.0 = Release|Any CPU
		{238489E7-A61B-4606-B0BB-A2E7E5DD1B88}.Release|Win32.ActiveCfg = Release|Any CPU
		{238489E7-A61B-4606-B0BB-A2E7E5DD1B88}.Release|x64.ActiveCfg = Release|Any CPU
		{238489E7-A61B-4606-B0BB-A2E7E5DD1B88}.Release|x86.ActiveCfg = Release|Any CPU
		{1C51A823-842B-403E-BDAE-9498ED18F41F}.ClientDebug|Any CPU.ActiveCfg = Debug|Any CPU
		{1C51A823-842B-403E-BDAE-9498ED18F41F}.ClientDebug|Any CPU.Build.0 = Debug|Any CPU
		{1C51A823-842B-403E-BDAE-9498ED18F41F}.ClientDebug|ARM.ActiveCfg = Debug|Any CPU
		{1C51A823-842B-403E-BDAE-9498ED18F41F}.ClientDebug|Mixed Platforms.ActiveCfg = Debug|Any CPU
		{1C51A823-842B-403E-BDAE-9498ED18F41F}.ClientDebug|Mixed Platforms.Build.0 = Debug|Any CPU
		{1C51A823-842B-403E-BDAE-9498ED18F41F}.ClientDebug|Win32.ActiveCfg = Debug|Any CPU
		{1C51A823-842B-403E-BDAE-9498ED18F41F}.ClientDebug|x64.ActiveCfg = Debug|Any CPU
		{1C51A823-842B-403E-BDAE-9498ED18F41F}.ClientDebug|x86.ActiveCfg = Debug|Any CPU
		{1C51A823-842B-403E-BDAE-9498ED18F41F}.Debug|Any CPU.ActiveCfg = Debug|Any CPU
		{1C51A823-842B-403E-BDAE-9498ED18F41F}.Debug|Any CPU.Build.0 = Debug|Any CPU
		{1C51A823-842B-403E-BDAE-9498ED18F41F}.Debug|ARM.ActiveCfg = Debug|Any CPU
		{1C51A823-842B-403E-BDAE-9498ED18F41F}.Debug|Mixed Platforms.ActiveCfg = Debug|Any CPU
		{1C51A823-842B-403E-BDAE-9498ED18F41F}.Debug|Mixed Platforms.Build.0 = Debug|Any CPU
		{1C51A823-842B-403E-BDAE-9498ED18F41F}.Debug|Win32.ActiveCfg = Debug|Any CPU
		{1C51A823-842B-403E-BDAE-9498ED18F41F}.Debug|x64.ActiveCfg = Debug|Any CPU
		{1C51A823-842B-403E-BDAE-9498ED18F41F}.Debug|x86.ActiveCfg = Debug|Any CPU
		{1C51A823-842B-403E-BDAE-9498ED18F41F}.Release|Any CPU.ActiveCfg = Release|Any CPU
		{1C51A823-842B-403E-BDAE-9498ED18F41F}.Release|Any CPU.Build.0 = Release|Any CPU
		{1C51A823-842B-403E-BDAE-9498ED18F41F}.Release|ARM.ActiveCfg = Release|Any CPU
		{1C51A823-842B-403E-BDAE-9498ED18F41F}.Release|Mixed Platforms.ActiveCfg = Release|Any CPU
		{1C51A823-842B-403E-BDAE-9498ED18F41F}.Release|Mixed Platforms.Build.0 = Release|Any CPU
		{1C51A823-842B-403E-BDAE-9498ED18F41F}.Release|Win32.ActiveCfg = Release|Any CPU
		{1C51A823-842B-403E-BDAE-9498ED18F41F}.Release|x64.ActiveCfg = Release|Any CPU
		{1C51A823-842B-403E-BDAE-9498ED18F41F}.Release|x86.ActiveCfg = Release|Any CPU
		{6074DB78-93FE-4AE1-A297-DE14259EF866}.ClientDebug|Any CPU.ActiveCfg = Debug|Any CPU
		{6074DB78-93FE-4AE1-A297-DE14259EF866}.ClientDebug|Any CPU.Build.0 = Debug|Any CPU
		{6074DB78-93FE-4AE1-A297-DE14259EF866}.ClientDebug|ARM.ActiveCfg = Debug|Any CPU
		{6074DB78-93FE-4AE1-A297-DE14259EF866}.ClientDebug|Mixed Platforms.ActiveCfg = Debug|Any CPU
		{6074DB78-93FE-4AE1-A297-DE14259EF866}.ClientDebug|Mixed Platforms.Build.0 = Debug|Any CPU
		{6074DB78-93FE-4AE1-A297-DE14259EF866}.ClientDebug|Win32.ActiveCfg = Debug|Any CPU
		{6074DB78-93FE-4AE1-A297-DE14259EF866}.ClientDebug|x64.ActiveCfg = Debug|Any CPU
		{6074DB78-93FE-4AE1-A297-DE14259EF866}.ClientDebug|x86.ActiveCfg = Debug|Any CPU
		{6074DB78-93FE-4AE1-A297-DE14259EF866}.Debug|Any CPU.ActiveCfg = Debug|Any CPU
		{6074DB78-93FE-4AE1-A297-DE14259EF866}.Debug|Any CPU.Build.0 = Debug|Any CPU
		{6074DB78-93FE-4AE1-A297-DE14259EF866}.Debug|ARM.ActiveCfg = Debug|Any CPU
		{6074DB78-93FE-4AE1-A297-DE14259EF866}.Debug|Mixed Platforms.ActiveCfg = Debug|Any CPU
		{6074DB78-93FE-4AE1-A297-DE14259EF866}.Debug|Mixed Platforms.Build.0 = Debug|Any CPU
		{6074DB78-93FE-4AE1-A297-DE14259EF866}.Debug|Win32.ActiveCfg = Debug|Any CPU
		{6074DB78-93FE-4AE1-A297-DE14259EF866}.Debug|x64.ActiveCfg = Debug|Any CPU
		{6074DB78-93FE-4AE1-A297-DE14259EF866}.Debug|x86.ActiveCfg = Debug|Any CPU
		{6074DB78-93FE-4AE1-A297-DE14259EF866}.Release|Any CPU.ActiveCfg = Release|Any CPU
		{6074DB78-93FE-4AE1-A297-DE14259EF866}.Release|Any CPU.Build.0 = Release|Any CPU
		{6074DB78-93FE-4AE1-A297-DE14259EF866}.Release|ARM.ActiveCfg = Release|Any CPU
		{6074DB78-93FE-4AE1-A297-DE14259EF866}.Release|Mixed Platforms.ActiveCfg = Release|Any CPU
		{6074DB78-93FE-4AE1-A297-DE14259EF866}.Release|Mixed Platforms.Build.0 = Release|Any CPU
		{6074DB78-93FE-4AE1-A297-DE14259EF866}.Release|Win32.ActiveCfg = Release|Any CPU
		{6074DB78-93FE-4AE1-A297-DE14259EF866}.Release|x64.ActiveCfg = Release|Any CPU
		{6074DB78-93FE-4AE1-A297-DE14259EF866}.Release|x86.ActiveCfg = Release|Any CPU
		{44841FF0-B3F6-4410-8512-60F48756070D}.ClientDebug|Any CPU.ActiveCfg = Debug|Any CPU
		{44841FF0-B3F6-4410-8512-60F48756070D}.ClientDebug|Any CPU.Build.0 = Debug|Any CPU
		{44841FF0-B3F6-4410-8512-60F48756070D}.ClientDebug|ARM.ActiveCfg = Debug|Any CPU
		{44841FF0-B3F6-4410-8512-60F48756070D}.ClientDebug|Mixed Platforms.ActiveCfg = Debug|Any CPU
		{44841FF0-B3F6-4410-8512-60F48756070D}.ClientDebug|Mixed Platforms.Build.0 = Debug|Any CPU
		{44841FF0-B3F6-4410-8512-60F48756070D}.ClientDebug|Win32.ActiveCfg = Debug|Any CPU
		{44841FF0-B3F6-4410-8512-60F48756070D}.ClientDebug|x64.ActiveCfg = Debug|Any CPU
		{44841FF0-B3F6-4410-8512-60F48756070D}.ClientDebug|x86.ActiveCfg = Debug|Any CPU
		{44841FF0-B3F6-4410-8512-60F48756070D}.Debug|Any CPU.ActiveCfg = Debug|Any CPU
		{44841FF0-B3F6-4410-8512-60F48756070D}.Debug|Any CPU.Build.0 = Debug|Any CPU
		{44841FF0-B3F6-4410-8512-60F48756070D}.Debug|ARM.ActiveCfg = Debug|Any CPU
		{44841FF0-B3F6-4410-8512-60F48756070D}.Debug|Mixed Platforms.ActiveCfg = Debug|Any CPU
		{44841FF0-B3F6-4410-8512-60F48756070D}.Debug|Mixed Platforms.Build.0 = Debug|Any CPU
		{44841FF0-B3F6-4410-8512-60F48756070D}.Debug|Win32.ActiveCfg = Debug|Any CPU
		{44841FF0-B3F6-4410-8512-60F48756070D}.Debug|x64.ActiveCfg = Debug|Any CPU
		{44841FF0-B3F6-4410-8512-60F48756070D}.Debug|x86.ActiveCfg = Debug|Any CPU
		{44841FF0-B3F6-4410-8512-60F48756070D}.Release|Any CPU.ActiveCfg = Release|Any CPU
		{44841FF0-B3F6-4410-8512-60F48756070D}.Release|Any CPU.Build.0 = Release|Any CPU
		{44841FF0-B3F6-4410-8512-60F48756070D}.Release|ARM.ActiveCfg = Release|Any CPU
		{44841FF0-B3F6-4410-8512-60F48756070D}.Release|Mixed Platforms.ActiveCfg = Release|Any CPU
		{44841FF0-B3F6-4410-8512-60F48756070D}.Release|Mixed Platforms.Build.0 = Release|Any CPU
		{44841FF0-B3F6-4410-8512-60F48756070D}.Release|Win32.ActiveCfg = Release|Any CPU
		{44841FF0-B3F6-4410-8512-60F48756070D}.Release|x64.ActiveCfg = Release|Any CPU
		{44841FF0-B3F6-4410-8512-60F48756070D}.Release|x86.ActiveCfg = Release|Any CPU
		{BF532D34-833C-4FB3-88CA-07E58510F130}.ClientDebug|Any CPU.ActiveCfg = Debug|Any CPU
		{BF532D34-833C-4FB3-88CA-07E58510F130}.ClientDebug|Any CPU.Build.0 = Debug|Any CPU
		{BF532D34-833C-4FB3-88CA-07E58510F130}.ClientDebug|ARM.ActiveCfg = Debug|Any CPU
		{BF532D34-833C-4FB3-88CA-07E58510F130}.ClientDebug|Mixed Platforms.ActiveCfg = Debug|Any CPU
		{BF532D34-833C-4FB3-88CA-07E58510F130}.ClientDebug|Mixed Platforms.Build.0 = Debug|Any CPU
		{BF532D34-833C-4FB3-88CA-07E58510F130}.ClientDebug|Win32.ActiveCfg = Debug|Any CPU
		{BF532D34-833C-4FB3-88CA-07E58510F130}.ClientDebug|x64.ActiveCfg = Debug|Any CPU
		{BF532D34-833C-4FB3-88CA-07E58510F130}.ClientDebug|x86.ActiveCfg = Debug|Any CPU
		{BF532D34-833C-4FB3-88CA-07E58510F130}.Debug|Any CPU.ActiveCfg = Debug|Any CPU
		{BF532D34-833C-4FB3-88CA-07E58510F130}.Debug|Any CPU.Build.0 = Debug|Any CPU
		{BF532D34-833C-4FB3-88CA-07E58510F130}.Debug|ARM.ActiveCfg = Debug|Any CPU
		{BF532D34-833C-4FB3-88CA-07E58510F130}.Debug|Mixed Platforms.ActiveCfg = Debug|Any CPU
		{BF532D34-833C-4FB3-88CA-07E58510F130}.Debug|Mixed Platforms.Build.0 = Debug|Any CPU
		{BF532D34-833C-4FB3-88CA-07E58510F130}.Debug|Win32.ActiveCfg = Debug|Any CPU
		{BF532D34-833C-4FB3-88CA-07E58510F130}.Debug|x64.ActiveCfg = Debug|Any CPU
		{BF532D34-833C-4FB3-88CA-07E58510F130}.Debug|x86.ActiveCfg = Debug|Any CPU
		{BF532D34-833C-4FB3-88CA-07E58510F130}.Release|Any CPU.ActiveCfg = Release|Any CPU
		{BF532D34-833C-4FB3-88CA-07E58510F130}.Release|Any CPU.Build.0 = Release|Any CPU
		{BF532D34-833C-4FB3-88CA-07E58510F130}.Release|ARM.ActiveCfg = Release|Any CPU
		{BF532D34-833C-4FB3-88CA-07E58510F130}.Release|Mixed Platforms.ActiveCfg = Release|Any CPU
		{BF532D34-833C-4FB3-88CA-07E58510F130}.Release|Mixed Platforms.Build.0 = Release|Any CPU
		{BF532D34-833C-4FB3-88CA-07E58510F130}.Release|Win32.ActiveCfg = Release|Any CPU
		{BF532D34-833C-4FB3-88CA-07E58510F130}.Release|x64.ActiveCfg = Release|Any CPU
		{BF532D34-833C-4FB3-88CA-07E58510F130}.Release|x86.ActiveCfg = Release|Any CPU
		{3F789879-0944-463C-A747-2F74AD916186}.ClientDebug|Any CPU.ActiveCfg = Debug|Any CPU
		{3F789879-0944-463C-A747-2F74AD916186}.ClientDebug|Any CPU.Build.0 = Debug|Any CPU
		{3F789879-0944-463C-A747-2F74AD916186}.ClientDebug|ARM.ActiveCfg = Debug|Any CPU
		{3F789879-0944-463C-A747-2F74AD916186}.ClientDebug|Mixed Platforms.ActiveCfg = Debug|Any CPU
		{3F789879-0944-463C-A747-2F74AD916186}.ClientDebug|Mixed Platforms.Build.0 = Debug|Any CPU
		{3F789879-0944-463C-A747-2F74AD916186}.ClientDebug|Win32.ActiveCfg = Debug|Any CPU
		{3F789879-0944-463C-A747-2F74AD916186}.ClientDebug|x64.ActiveCfg = Debug|Any CPU
		{3F789879-0944-463C-A747-2F74AD916186}.ClientDebug|x86.ActiveCfg = Debug|Any CPU
		{3F789879-0944-463C-A747-2F74AD916186}.Debug|Any CPU.ActiveCfg = Debug|Any CPU
		{3F789879-0944-463C-A747-2F74AD916186}.Debug|Any CPU.Build.0 = Debug|Any CPU
		{3F789879-0944-463C-A747-2F74AD916186}.Debug|ARM.ActiveCfg = Debug|Any CPU
		{3F789879-0944-463C-A747-2F74AD916186}.Debug|Mixed Platforms.ActiveCfg = Debug|Any CPU
		{3F789879-0944-463C-A747-2F74AD916186}.Debug|Mixed Platforms.Build.0 = Debug|Any CPU
		{3F789879-0944-463C-A747-2F74AD916186}.Debug|Win32.ActiveCfg = Debug|Any CPU
		{3F789879-0944-463C-A747-2F74AD916186}.Debug|x64.ActiveCfg = Debug|Any CPU
		{3F789879-0944-463C-A747-2F74AD916186}.Debug|x86.ActiveCfg = Debug|Any CPU
		{3F789879-0944-463C-A747-2F74AD916186}.Release|Any CPU.ActiveCfg = Release|Any CPU
		{3F789879-0944-463C-A747-2F74AD916186}.Release|Any CPU.Build.0 = Release|Any CPU
		{3F789879-0944-463C-A747-2F74AD916186}.Release|ARM.ActiveCfg = Release|Any CPU
		{3F789879-0944-463C-A747-2F74AD916186}.Release|Mixed Platforms.ActiveCfg = Release|Any CPU
		{3F789879-0944-463C-A747-2F74AD916186}.Release|Mixed Platforms.Build.0 = Release|Any CPU
		{3F789879-0944-463C-A747-2F74AD916186}.Release|Win32.ActiveCfg = Release|Any CPU
		{3F789879-0944-463C-A747-2F74AD916186}.Release|x64.ActiveCfg = Release|Any CPU
		{3F789879-0944-463C-A747-2F74AD916186}.Release|x86.ActiveCfg = Release|Any CPU
		{F1F63113-59BE-4CB9-90AB-0FEA9DE4379E}.ClientDebug|Any CPU.ActiveCfg = Debug|Any CPU
		{F1F63113-59BE-4CB9-90AB-0FEA9DE4379E}.ClientDebug|Any CPU.Build.0 = Debug|Any CPU
		{F1F63113-59BE-4CB9-90AB-0FEA9DE4379E}.ClientDebug|ARM.ActiveCfg = Debug|Any CPU
		{F1F63113-59BE-4CB9-90AB-0FEA9DE4379E}.ClientDebug|Mixed Platforms.ActiveCfg = Debug|Any CPU
		{F1F63113-59BE-4CB9-90AB-0FEA9DE4379E}.ClientDebug|Mixed Platforms.Build.0 = Debug|Any CPU
		{F1F63113-59BE-4CB9-90AB-0FEA9DE4379E}.ClientDebug|Win32.ActiveCfg = Debug|Any CPU
		{F1F63113-59BE-4CB9-90AB-0FEA9DE4379E}.ClientDebug|x64.ActiveCfg = Debug|Any CPU
		{F1F63113-59BE-4CB9-90AB-0FEA9DE4379E}.ClientDebug|x86.ActiveCfg = Debug|Any CPU
		{F1F63113-59BE-4CB9-90AB-0FEA9DE4379E}.Debug|Any CPU.ActiveCfg = Debug|Any CPU
		{F1F63113-59BE-4CB9-90AB-0FEA9DE4379E}.Debug|Any CPU.Build.0 = Debug|Any CPU
		{F1F63113-59BE-4CB9-90AB-0FEA9DE4379E}.Debug|ARM.ActiveCfg = Debug|Any CPU
		{F1F63113-59BE-4CB9-90AB-0FEA9DE4379E}.Debug|Mixed Platforms.ActiveCfg = Debug|Any CPU
		{F1F63113-59BE-4CB9-90AB-0FEA9DE4379E}.Debug|Mixed Platforms.Build.0 = Debug|Any CPU
		{F1F63113-59BE-4CB9-90AB-0FEA9DE4379E}.Debug|Win32.ActiveCfg = Debug|Any CPU
		{F1F63113-59BE-4CB9-90AB-0FEA9DE4379E}.Debug|x64.ActiveCfg = Debug|Any CPU
		{F1F63113-59BE-4CB9-90AB-0FEA9DE4379E}.Debug|x86.ActiveCfg = Debug|Any CPU
		{F1F63113-59BE-4CB9-90AB-0FEA9DE4379E}.Release|Any CPU.ActiveCfg = Release|Any CPU
		{F1F63113-59BE-4CB9-90AB-0FEA9DE4379E}.Release|Any CPU.Build.0 = Release|Any CPU
		{F1F63113-59BE-4CB9-90AB-0FEA9DE4379E}.Release|ARM.ActiveCfg = Release|Any CPU
		{F1F63113-59BE-4CB9-90AB-0FEA9DE4379E}.Release|Mixed Platforms.ActiveCfg = Release|Any CPU
		{F1F63113-59BE-4CB9-90AB-0FEA9DE4379E}.Release|Mixed Platforms.Build.0 = Release|Any CPU
		{F1F63113-59BE-4CB9-90AB-0FEA9DE4379E}.Release|Win32.ActiveCfg = Release|Any CPU
		{F1F63113-59BE-4CB9-90AB-0FEA9DE4379E}.Release|x64.ActiveCfg = Release|Any CPU
		{F1F63113-59BE-4CB9-90AB-0FEA9DE4379E}.Release|x86.ActiveCfg = Release|Any CPU
		{D9B1E621-4C9D-4E76-8575-5B2F8FBB8988}.ClientDebug|Any CPU.ActiveCfg = Debug|Any CPU
		{D9B1E621-4C9D-4E76-8575-5B2F8FBB8988}.ClientDebug|Any CPU.Build.0 = Debug|Any CPU
		{D9B1E621-4C9D-4E76-8575-5B2F8FBB8988}.ClientDebug|ARM.ActiveCfg = Debug|Any CPU
		{D9B1E621-4C9D-4E76-8575-5B2F8FBB8988}.ClientDebug|Mixed Platforms.ActiveCfg = Debug|Any CPU
		{D9B1E621-4C9D-4E76-8575-5B2F8FBB8988}.ClientDebug|Mixed Platforms.Build.0 = Debug|Any CPU
		{D9B1E621-4C9D-4E76-8575-5B2F8FBB8988}.ClientDebug|Win32.ActiveCfg = Debug|Any CPU
		{D9B1E621-4C9D-4E76-8575-5B2F8FBB8988}.ClientDebug|x64.ActiveCfg = Debug|Any CPU
		{D9B1E621-4C9D-4E76-8575-5B2F8FBB8988}.ClientDebug|x86.ActiveCfg = Debug|Any CPU
		{D9B1E621-4C9D-4E76-8575-5B2F8FBB8988}.Debug|Any CPU.ActiveCfg = Debug|Any CPU
		{D9B1E621-4C9D-4E76-8575-5B2F8FBB8988}.Debug|Any CPU.Build.0 = Debug|Any CPU
		{D9B1E621-4C9D-4E76-8575-5B2F8FBB8988}.Debug|ARM.ActiveCfg = Debug|Any CPU
		{D9B1E621-4C9D-4E76-8575-5B2F8FBB8988}.Debug|Mixed Platforms.ActiveCfg = Debug|Any CPU
		{D9B1E621-4C9D-4E76-8575-5B2F8FBB8988}.Debug|Mixed Platforms.Build.0 = Debug|Any CPU
		{D9B1E621-4C9D-4E76-8575-5B2F8FBB8988}.Debug|Win32.ActiveCfg = Debug|Any CPU
		{D9B1E621-4C9D-4E76-8575-5B2F8FBB8988}.Debug|x64.ActiveCfg = Debug|Any CPU
		{D9B1E621-4C9D-4E76-8575-5B2F8FBB8988}.Debug|x86.ActiveCfg = Debug|Any CPU
		{D9B1E621-4C9D-4E76-8575-5B2F8FBB8988}.Release|Any CPU.ActiveCfg = Release|Any CPU
		{D9B1E621-4C9D-4E76-8575-5B2F8FBB8988}.Release|Any CPU.Build.0 = Release|Any CPU
		{D9B1E621-4C9D-4E76-8575-5B2F8FBB8988}.Release|ARM.ActiveCfg = Release|Any CPU
		{D9B1E621-4C9D-4E76-8575-5B2F8FBB8988}.Release|Mixed Platforms.ActiveCfg = Release|Any CPU
		{D9B1E621-4C9D-4E76-8575-5B2F8FBB8988}.Release|Mixed Platforms.Build.0 = Release|Any CPU
		{D9B1E621-4C9D-4E76-8575-5B2F8FBB8988}.Release|Win32.ActiveCfg = Release|Any CPU
		{D9B1E621-4C9D-4E76-8575-5B2F8FBB8988}.Release|x64.ActiveCfg = Release|Any CPU
		{D9B1E621-4C9D-4E76-8575-5B2F8FBB8988}.Release|x86.ActiveCfg = Release|Any CPU
		{2B68B717-75D4-44CE-B6E8-64249A5F9A70}.ClientDebug|Any CPU.ActiveCfg = Debug|x86
		{2B68B717-75D4-44CE-B6E8-64249A5F9A70}.ClientDebug|ARM.ActiveCfg = Debug|x86
		{2B68B717-75D4-44CE-B6E8-64249A5F9A70}.ClientDebug|Mixed Platforms.ActiveCfg = Debug|x86
		{2B68B717-75D4-44CE-B6E8-64249A5F9A70}.ClientDebug|Mixed Platforms.Build.0 = Debug|x86
		{2B68B717-75D4-44CE-B6E8-64249A5F9A70}.ClientDebug|Win32.ActiveCfg = Debug|x86
		{2B68B717-75D4-44CE-B6E8-64249A5F9A70}.ClientDebug|Win32.Build.0 = Debug|x86
		{2B68B717-75D4-44CE-B6E8-64249A5F9A70}.ClientDebug|x64.ActiveCfg = Debug|x86
		{2B68B717-75D4-44CE-B6E8-64249A5F9A70}.ClientDebug|x86.ActiveCfg = Debug|x86
		{2B68B717-75D4-44CE-B6E8-64249A5F9A70}.ClientDebug|x86.Build.0 = Debug|x86
		{2B68B717-75D4-44CE-B6E8-64249A5F9A70}.Debug|Any CPU.ActiveCfg = Debug|x86
		{2B68B717-75D4-44CE-B6E8-64249A5F9A70}.Debug|ARM.ActiveCfg = Debug|x86
		{2B68B717-75D4-44CE-B6E8-64249A5F9A70}.Debug|Mixed Platforms.ActiveCfg = Debug|x86
		{2B68B717-75D4-44CE-B6E8-64249A5F9A70}.Debug|Mixed Platforms.Build.0 = Debug|x86
		{2B68B717-75D4-44CE-B6E8-64249A5F9A70}.Debug|Win32.ActiveCfg = Debug|x86
		{2B68B717-75D4-44CE-B6E8-64249A5F9A70}.Debug|Win32.Build.0 = Debug|x86
		{2B68B717-75D4-44CE-B6E8-64249A5F9A70}.Debug|x64.ActiveCfg = Debug|x86
		{2B68B717-75D4-44CE-B6E8-64249A5F9A70}.Debug|x86.ActiveCfg = Debug|x86
		{2B68B717-75D4-44CE-B6E8-64249A5F9A70}.Debug|x86.Build.0 = Debug|x86
		{2B68B717-75D4-44CE-B6E8-64249A5F9A70}.Release|Any CPU.ActiveCfg = Release|x86
		{2B68B717-75D4-44CE-B6E8-64249A5F9A70}.Release|ARM.ActiveCfg = Release|x86
		{2B68B717-75D4-44CE-B6E8-64249A5F9A70}.Release|Mixed Platforms.ActiveCfg = Release|x86
		{2B68B717-75D4-44CE-B6E8-64249A5F9A70}.Release|Mixed Platforms.Build.0 = Release|x86
		{2B68B717-75D4-44CE-B6E8-64249A5F9A70}.Release|Win32.ActiveCfg = Release|x86
		{2B68B717-75D4-44CE-B6E8-64249A5F9A70}.Release|Win32.Build.0 = Release|x86
		{2B68B717-75D4-44CE-B6E8-64249A5F9A70}.Release|x64.ActiveCfg = Release|x86
		{2B68B717-75D4-44CE-B6E8-64249A5F9A70}.Release|x86.ActiveCfg = Release|x86
		{2B68B717-75D4-44CE-B6E8-64249A5F9A70}.Release|x86.Build.0 = Release|x86
		{71272F38-FC7D-4170-8411-51E27200C791}.ClientDebug|Any CPU.ActiveCfg = Debug|Any CPU
		{71272F38-FC7D-4170-8411-51E27200C791}.ClientDebug|Any CPU.Build.0 = Debug|Any CPU
		{71272F38-FC7D-4170-8411-51E27200C791}.ClientDebug|ARM.ActiveCfg = Debug|Any CPU
		{71272F38-FC7D-4170-8411-51E27200C791}.ClientDebug|Mixed Platforms.ActiveCfg = Debug|Any CPU
		{71272F38-FC7D-4170-8411-51E27200C791}.ClientDebug|Mixed Platforms.Build.0 = Debug|Any CPU
		{71272F38-FC7D-4170-8411-51E27200C791}.ClientDebug|Win32.ActiveCfg = Debug|Any CPU
		{71272F38-FC7D-4170-8411-51E27200C791}.ClientDebug|x64.ActiveCfg = Debug|Any CPU
		{71272F38-FC7D-4170-8411-51E27200C791}.ClientDebug|x86.ActiveCfg = Debug|Any CPU
		{71272F38-FC7D-4170-8411-51E27200C791}.Debug|Any CPU.ActiveCfg = Debug|Any CPU
		{71272F38-FC7D-4170-8411-51E27200C791}.Debug|Any CPU.Build.0 = Debug|Any CPU
		{71272F38-FC7D-4170-8411-51E27200C791}.Debug|ARM.ActiveCfg = Debug|Any CPU
		{71272F38-FC7D-4170-8411-51E27200C791}.Debug|Mixed Platforms.ActiveCfg = Debug|Any CPU
		{71272F38-FC7D-4170-8411-51E27200C791}.Debug|Mixed Platforms.Build.0 = Debug|Any CPU
		{71272F38-FC7D-4170-8411-51E27200C791}.Debug|Win32.ActiveCfg = Debug|Any CPU
		{71272F38-FC7D-4170-8411-51E27200C791}.Debug|x64.ActiveCfg = Debug|Any CPU
		{71272F38-FC7D-4170-8411-51E27200C791}.Debug|x86.ActiveCfg = Debug|Any CPU
		{71272F38-FC7D-4170-8411-51E27200C791}.Release|Any CPU.ActiveCfg = Release|Any CPU
		{71272F38-FC7D-4170-8411-51E27200C791}.Release|Any CPU.Build.0 = Release|Any CPU
		{71272F38-FC7D-4170-8411-51E27200C791}.Release|ARM.ActiveCfg = Release|Any CPU
		{71272F38-FC7D-4170-8411-51E27200C791}.Release|Mixed Platforms.ActiveCfg = Release|Any CPU
		{71272F38-FC7D-4170-8411-51E27200C791}.Release|Mixed Platforms.Build.0 = Release|Any CPU
		{71272F38-FC7D-4170-8411-51E27200C791}.Release|Win32.ActiveCfg = Release|Any CPU
		{71272F38-FC7D-4170-8411-51E27200C791}.Release|x64.ActiveCfg = Release|Any CPU
		{71272F38-FC7D-4170-8411-51E27200C791}.Release|x86.ActiveCfg = Release|Any CPU
		{C86E37D6-BE07-4B1C-B89A-8FC1A9A6CBB8}.ClientDebug|Any CPU.ActiveCfg = Debug|Any CPU
		{C86E37D6-BE07-4B1C-B89A-8FC1A9A6CBB8}.ClientDebug|Any CPU.Build.0 = Debug|Any CPU
		{C86E37D6-BE07-4B1C-B89A-8FC1A9A6CBB8}.ClientDebug|ARM.ActiveCfg = Debug|Any CPU
		{C86E37D6-BE07-4B1C-B89A-8FC1A9A6CBB8}.ClientDebug|Mixed Platforms.ActiveCfg = Debug|Any CPU
		{C86E37D6-BE07-4B1C-B89A-8FC1A9A6CBB8}.ClientDebug|Mixed Platforms.Build.0 = Debug|Any CPU
		{C86E37D6-BE07-4B1C-B89A-8FC1A9A6CBB8}.ClientDebug|Win32.ActiveCfg = Debug|Any CPU
		{C86E37D6-BE07-4B1C-B89A-8FC1A9A6CBB8}.ClientDebug|x64.ActiveCfg = Debug|Any CPU
		{C86E37D6-BE07-4B1C-B89A-8FC1A9A6CBB8}.ClientDebug|x86.ActiveCfg = Debug|Any CPU
		{C86E37D6-BE07-4B1C-B89A-8FC1A9A6CBB8}.Debug|Any CPU.ActiveCfg = Debug|Any CPU
		{C86E37D6-BE07-4B1C-B89A-8FC1A9A6CBB8}.Debug|Any CPU.Build.0 = Debug|Any CPU
		{C86E37D6-BE07-4B1C-B89A-8FC1A9A6CBB8}.Debug|ARM.ActiveCfg = Debug|Any CPU
		{C86E37D6-BE07-4B1C-B89A-8FC1A9A6CBB8}.Debug|Mixed Platforms.ActiveCfg = Debug|Any CPU
		{C86E37D6-BE07-4B1C-B89A-8FC1A9A6CBB8}.Debug|Mixed Platforms.Build.0 = Debug|Any CPU
		{C86E37D6-BE07-4B1C-B89A-8FC1A9A6CBB8}.Debug|Win32.ActiveCfg = Debug|Any CPU
		{C86E37D6-BE07-4B1C-B89A-8FC1A9A6CBB8}.Debug|x64.ActiveCfg = Debug|Any CPU
		{C86E37D6-BE07-4B1C-B89A-8FC1A9A6CBB8}.Debug|x86.ActiveCfg = Debug|Any CPU
		{C86E37D6-BE07-4B1C-B89A-8FC1A9A6CBB8}.Release|Any CPU.ActiveCfg = Release|Any CPU
		{C86E37D6-BE07-4B1C-B89A-8FC1A9A6CBB8}.Release|Any CPU.Build.0 = Release|Any CPU
		{C86E37D6-BE07-4B1C-B89A-8FC1A9A6CBB8}.Release|ARM.ActiveCfg = Release|Any CPU
		{C86E37D6-BE07-4B1C-B89A-8FC1A9A6CBB8}.Release|Mixed Platforms.ActiveCfg = Release|Any CPU
		{C86E37D6-BE07-4B1C-B89A-8FC1A9A6CBB8}.Release|Mixed Platforms.Build.0 = Release|Any CPU
		{C86E37D6-BE07-4B1C-B89A-8FC1A9A6CBB8}.Release|Win32.ActiveCfg = Release|Any CPU
		{C86E37D6-BE07-4B1C-B89A-8FC1A9A6CBB8}.Release|x64.ActiveCfg = Release|Any CPU
		{C86E37D6-BE07-4B1C-B89A-8FC1A9A6CBB8}.Release|x86.ActiveCfg = Release|Any CPU
		{F53D1B3A-6159-4F76-9253-4E486E72D835}.ClientDebug|Any CPU.ActiveCfg = Debug|Any CPU
		{F53D1B3A-6159-4F76-9253-4E486E72D835}.ClientDebug|Any CPU.Build.0 = Debug|Any CPU
		{F53D1B3A-6159-4F76-9253-4E486E72D835}.ClientDebug|ARM.ActiveCfg = Debug|Any CPU
		{F53D1B3A-6159-4F76-9253-4E486E72D835}.ClientDebug|Mixed Platforms.ActiveCfg = Debug|Any CPU
		{F53D1B3A-6159-4F76-9253-4E486E72D835}.ClientDebug|Mixed Platforms.Build.0 = Debug|Any CPU
		{F53D1B3A-6159-4F76-9253-4E486E72D835}.ClientDebug|Win32.ActiveCfg = Debug|Any CPU
		{F53D1B3A-6159-4F76-9253-4E486E72D835}.ClientDebug|x64.ActiveCfg = Debug|Any CPU
		{F53D1B3A-6159-4F76-9253-4E486E72D835}.ClientDebug|x86.ActiveCfg = Debug|Any CPU
		{F53D1B3A-6159-4F76-9253-4E486E72D835}.Debug|Any CPU.ActiveCfg = Debug|Any CPU
		{F53D1B3A-6159-4F76-9253-4E486E72D835}.Debug|Any CPU.Build.0 = Debug|Any CPU
		{F53D1B3A-6159-4F76-9253-4E486E72D835}.Debug|ARM.ActiveCfg = Debug|Any CPU
		{F53D1B3A-6159-4F76-9253-4E486E72D835}.Debug|Mixed Platforms.ActiveCfg = Debug|Any CPU
		{F53D1B3A-6159-4F76-9253-4E486E72D835}.Debug|Mixed Platforms.Build.0 = Debug|Any CPU
		{F53D1B3A-6159-4F76-9253-4E486E72D835}.Debug|Win32.ActiveCfg = Debug|Any CPU
		{F53D1B3A-6159-4F76-9253-4E486E72D835}.Debug|x64.ActiveCfg = Debug|Any CPU
		{F53D1B3A-6159-4F76-9253-4E486E72D835}.Debug|x86.ActiveCfg = Debug|Any CPU
		{F53D1B3A-6159-4F76-9253-4E486E72D835}.Release|Any CPU.ActiveCfg = Release|Any CPU
		{F53D1B3A-6159-4F76-9253-4E486E72D835}.Release|Any CPU.Build.0 = Release|Any CPU
		{F53D1B3A-6159-4F76-9253-4E486E72D835}.Release|ARM.ActiveCfg = Release|Any CPU
		{F53D1B3A-6159-4F76-9253-4E486E72D835}.Release|Mixed Platforms.ActiveCfg = Release|Any CPU
		{F53D1B3A-6159-4F76-9253-4E486E72D835}.Release|Mixed Platforms.Build.0 = Release|Any CPU
		{F53D1B3A-6159-4F76-9253-4E486E72D835}.Release|Win32.ActiveCfg = Release|Any CPU
		{F53D1B3A-6159-4F76-9253-4E486E72D835}.Release|x64.ActiveCfg = Release|Any CPU
		{F53D1B3A-6159-4F76-9253-4E486E72D835}.Release|x86.ActiveCfg = Release|Any CPU
		{6F879B8B-C4B1-4E8D-9BF2-C6376B05E4EC}.ClientDebug|Any CPU.ActiveCfg = Debug|Any CPU
		{6F879B8B-C4B1-4E8D-9BF2-C6376B05E4EC}.ClientDebug|Any CPU.Build.0 = Debug|Any CPU
		{6F879B8B-C4B1-4E8D-9BF2-C6376B05E4EC}.ClientDebug|ARM.ActiveCfg = Debug|Any CPU
		{6F879B8B-C4B1-4E8D-9BF2-C6376B05E4EC}.ClientDebug|Mixed Platforms.ActiveCfg = Debug|Any CPU
		{6F879B8B-C4B1-4E8D-9BF2-C6376B05E4EC}.ClientDebug|Mixed Platforms.Build.0 = Debug|Any CPU
		{6F879B8B-C4B1-4E8D-9BF2-C6376B05E4EC}.ClientDebug|Win32.ActiveCfg = Debug|Any CPU
		{6F879B8B-C4B1-4E8D-9BF2-C6376B05E4EC}.ClientDebug|x64.ActiveCfg = Debug|Any CPU
		{6F879B8B-C4B1-4E8D-9BF2-C6376B05E4EC}.ClientDebug|x86.ActiveCfg = Debug|Any CPU
		{6F879B8B-C4B1-4E8D-9BF2-C6376B05E4EC}.Debug|Any CPU.ActiveCfg = Debug|Any CPU
		{6F879B8B-C4B1-4E8D-9BF2-C6376B05E4EC}.Debug|Any CPU.Build.0 = Debug|Any CPU
		{6F879B8B-C4B1-4E8D-9BF2-C6376B05E4EC}.Debug|ARM.ActiveCfg = Debug|Any CPU
		{6F879B8B-C4B1-4E8D-9BF2-C6376B05E4EC}.Debug|Mixed Platforms.ActiveCfg = Debug|Any CPU
		{6F879B8B-C4B1-4E8D-9BF2-C6376B05E4EC}.Debug|Mixed Platforms.Build.0 = Debug|Any CPU
		{6F879B8B-C4B1-4E8D-9BF2-C6376B05E4EC}.Debug|Win32.ActiveCfg = Debug|Any CPU
		{6F879B8B-C4B1-4E8D-9BF2-C6376B05E4EC}.Debug|x64.ActiveCfg = Debug|Any CPU
		{6F879B8B-C4B1-4E8D-9BF2-C6376B05E4EC}.Debug|x86.ActiveCfg = Debug|Any CPU
		{6F879B8B-C4B1-4E8D-9BF2-C6376B05E4EC}.Release|Any CPU.ActiveCfg = Release|Any CPU
		{6F879B8B-C4B1-4E8D-9BF2-C6376B05E4EC}.Release|Any CPU.Build.0 = Release|Any CPU
		{6F879B8B-C4B1-4E8D-9BF2-C6376B05E4EC}.Release|ARM.ActiveCfg = Release|Any CPU
		{6F879B8B-C4B1-4E8D-9BF2-C6376B05E4EC}.Release|Mixed Platforms.ActiveCfg = Release|Any CPU
		{6F879B8B-C4B1-4E8D-9BF2-C6376B05E4EC}.Release|Mixed Platforms.Build.0 = Release|Any CPU
		{6F879B8B-C4B1-4E8D-9BF2-C6376B05E4EC}.Release|Win32.ActiveCfg = Release|Any CPU
		{6F879B8B-C4B1-4E8D-9BF2-C6376B05E4EC}.Release|x64.ActiveCfg = Release|Any CPU
		{6F879B8B-C4B1-4E8D-9BF2-C6376B05E4EC}.Release|x86.ActiveCfg = Release|Any CPU
		{62467325-6D15-4161-A09D-07B7793DAB68}.ClientDebug|Any CPU.ActiveCfg = Debug|Any CPU
		{62467325-6D15-4161-A09D-07B7793DAB68}.ClientDebug|Any CPU.Build.0 = Debug|Any CPU
		{62467325-6D15-4161-A09D-07B7793DAB68}.ClientDebug|ARM.ActiveCfg = Debug|Any CPU
		{62467325-6D15-4161-A09D-07B7793DAB68}.ClientDebug|Mixed Platforms.ActiveCfg = Debug|Any CPU
		{62467325-6D15-4161-A09D-07B7793DAB68}.ClientDebug|Mixed Platforms.Build.0 = Debug|Any CPU
		{62467325-6D15-4161-A09D-07B7793DAB68}.ClientDebug|Win32.ActiveCfg = Debug|Any CPU
		{62467325-6D15-4161-A09D-07B7793DAB68}.ClientDebug|x64.ActiveCfg = Debug|Any CPU
		{62467325-6D15-4161-A09D-07B7793DAB68}.ClientDebug|x86.ActiveCfg = Debug|Any CPU
		{62467325-6D15-4161-A09D-07B7793DAB68}.Debug|Any CPU.ActiveCfg = Debug|Any CPU
		{62467325-6D15-4161-A09D-07B7793DAB68}.Debug|Any CPU.Build.0 = Debug|Any CPU
		{62467325-6D15-4161-A09D-07B7793DAB68}.Debug|ARM.ActiveCfg = Debug|Any CPU
		{62467325-6D15-4161-A09D-07B7793DAB68}.Debug|Mixed Platforms.ActiveCfg = Debug|Any CPU
		{62467325-6D15-4161-A09D-07B7793DAB68}.Debug|Mixed Platforms.Build.0 = Debug|Any CPU
		{62467325-6D15-4161-A09D-07B7793DAB68}.Debug|Win32.ActiveCfg = Debug|Any CPU
		{62467325-6D15-4161-A09D-07B7793DAB68}.Debug|x64.ActiveCfg = Debug|Any CPU
		{62467325-6D15-4161-A09D-07B7793DAB68}.Debug|x86.ActiveCfg = Debug|Any CPU
		{62467325-6D15-4161-A09D-07B7793DAB68}.Release|Any CPU.ActiveCfg = Release|Any CPU
		{62467325-6D15-4161-A09D-07B7793DAB68}.Release|Any CPU.Build.0 = Release|Any CPU
		{62467325-6D15-4161-A09D-07B7793DAB68}.Release|ARM.ActiveCfg = Release|Any CPU
		{62467325-6D15-4161-A09D-07B7793DAB68}.Release|Mixed Platforms.ActiveCfg = Release|Any CPU
		{62467325-6D15-4161-A09D-07B7793DAB68}.Release|Mixed Platforms.Build.0 = Release|Any CPU
		{62467325-6D15-4161-A09D-07B7793DAB68}.Release|Win32.ActiveCfg = Release|Any CPU
		{62467325-6D15-4161-A09D-07B7793DAB68}.Release|x64.ActiveCfg = Release|Any CPU
		{62467325-6D15-4161-A09D-07B7793DAB68}.Release|x86.ActiveCfg = Release|Any CPU
		{10571A55-2270-4A83-9B56-28C186BAC59D}.ClientDebug|Any CPU.ActiveCfg = Debug|Any CPU
		{10571A55-2270-4A83-9B56-28C186BAC59D}.ClientDebug|Any CPU.Build.0 = Debug|Any CPU
		{10571A55-2270-4A83-9B56-28C186BAC59D}.ClientDebug|ARM.ActiveCfg = Debug|Any CPU
		{10571A55-2270-4A83-9B56-28C186BAC59D}.ClientDebug|Mixed Platforms.ActiveCfg = Debug|Any CPU
		{10571A55-2270-4A83-9B56-28C186BAC59D}.ClientDebug|Mixed Platforms.Build.0 = Debug|Any CPU
		{10571A55-2270-4A83-9B56-28C186BAC59D}.ClientDebug|Win32.ActiveCfg = Debug|Any CPU
		{10571A55-2270-4A83-9B56-28C186BAC59D}.ClientDebug|x64.ActiveCfg = Debug|Any CPU
		{10571A55-2270-4A83-9B56-28C186BAC59D}.ClientDebug|x86.ActiveCfg = Debug|Any CPU
		{10571A55-2270-4A83-9B56-28C186BAC59D}.Debug|Any CPU.ActiveCfg = Debug|Any CPU
		{10571A55-2270-4A83-9B56-28C186BAC59D}.Debug|Any CPU.Build.0 = Debug|Any CPU
		{10571A55-2270-4A83-9B56-28C186BAC59D}.Debug|ARM.ActiveCfg = Debug|Any CPU
		{10571A55-2270-4A83-9B56-28C186BAC59D}.Debug|Mixed Platforms.ActiveCfg = Debug|Any CPU
		{10571A55-2270-4A83-9B56-28C186BAC59D}.Debug|Mixed Platforms.Build.0 = Debug|Any CPU
		{10571A55-2270-4A83-9B56-28C186BAC59D}.Debug|Win32.ActiveCfg = Debug|Any CPU
		{10571A55-2270-4A83-9B56-28C186BAC59D}.Debug|x64.ActiveCfg = Debug|Any CPU
		{10571A55-2270-4A83-9B56-28C186BAC59D}.Debug|x86.ActiveCfg = Debug|Any CPU
		{10571A55-2270-4A83-9B56-28C186BAC59D}.Release|Any CPU.ActiveCfg = Release|Any CPU
		{10571A55-2270-4A83-9B56-28C186BAC59D}.Release|Any CPU.Build.0 = Release|Any CPU
		{10571A55-2270-4A83-9B56-28C186BAC59D}.Release|ARM.ActiveCfg = Release|Any CPU
		{10571A55-2270-4A83-9B56-28C186BAC59D}.Release|Mixed Platforms.ActiveCfg = Release|Any CPU
		{10571A55-2270-4A83-9B56-28C186BAC59D}.Release|Mixed Platforms.Build.0 = Release|Any CPU
		{10571A55-2270-4A83-9B56-28C186BAC59D}.Release|Win32.ActiveCfg = Release|Any CPU
		{10571A55-2270-4A83-9B56-28C186BAC59D}.Release|x64.ActiveCfg = Release|Any CPU
		{10571A55-2270-4A83-9B56-28C186BAC59D}.Release|x86.ActiveCfg = Release|Any CPU
		{7C1E0409-69EF-407F-B063-29057BE04992}.ClientDebug|Any CPU.ActiveCfg = Debug|Any CPU
		{7C1E0409-69EF-407F-B063-29057BE04992}.ClientDebug|Any CPU.Build.0 = Debug|Any CPU
		{7C1E0409-69EF-407F-B063-29057BE04992}.ClientDebug|ARM.ActiveCfg = Debug|Any CPU
		{7C1E0409-69EF-407F-B063-29057BE04992}.ClientDebug|Mixed Platforms.ActiveCfg = Debug|Any CPU
		{7C1E0409-69EF-407F-B063-29057BE04992}.ClientDebug|Mixed Platforms.Build.0 = Debug|Any CPU
		{7C1E0409-69EF-407F-B063-29057BE04992}.ClientDebug|Win32.ActiveCfg = Debug|Any CPU
		{7C1E0409-69EF-407F-B063-29057BE04992}.ClientDebug|x64.ActiveCfg = Debug|Any CPU
		{7C1E0409-69EF-407F-B063-29057BE04992}.ClientDebug|x86.ActiveCfg = Debug|Any CPU
		{7C1E0409-69EF-407F-B063-29057BE04992}.Debug|Any CPU.ActiveCfg = Debug|Any CPU
		{7C1E0409-69EF-407F-B063-29057BE04992}.Debug|Any CPU.Build.0 = Debug|Any CPU
		{7C1E0409-69EF-407F-B063-29057BE04992}.Debug|ARM.ActiveCfg = Debug|Any CPU
		{7C1E0409-69EF-407F-B063-29057BE04992}.Debug|Mixed Platforms.ActiveCfg = Debug|Any CPU
		{7C1E0409-69EF-407F-B063-29057BE04992}.Debug|Mixed Platforms.Build.0 = Debug|Any CPU
		{7C1E0409-69EF-407F-B063-29057BE04992}.Debug|Win32.ActiveCfg = Debug|Any CPU
		{7C1E0409-69EF-407F-B063-29057BE04992}.Debug|x64.ActiveCfg = Debug|Any CPU
		{7C1E0409-69EF-407F-B063-29057BE04992}.Debug|x86.ActiveCfg = Debug|Any CPU
		{7C1E0409-69EF-407F-B063-29057BE04992}.Release|Any CPU.ActiveCfg = Release|Any CPU
		{7C1E0409-69EF-407F-B063-29057BE04992}.Release|Any CPU.Build.0 = Release|Any CPU
		{7C1E0409-69EF-407F-B063-29057BE04992}.Release|ARM.ActiveCfg = Release|Any CPU
		{7C1E0409-69EF-407F-B063-29057BE04992}.Release|Mixed Platforms.ActiveCfg = Release|Any CPU
		{7C1E0409-69EF-407F-B063-29057BE04992}.Release|Mixed Platforms.Build.0 = Release|Any CPU
		{7C1E0409-69EF-407F-B063-29057BE04992}.Release|Win32.ActiveCfg = Release|Any CPU
		{7C1E0409-69EF-407F-B063-29057BE04992}.Release|x64.ActiveCfg = Release|Any CPU
		{7C1E0409-69EF-407F-B063-29057BE04992}.Release|x86.ActiveCfg = Release|Any CPU
		{239CA191-4A9B-4C7D-BC61-D1B82CD678D5}.ClientDebug|Any CPU.ActiveCfg = Debug|Win32
		{239CA191-4A9B-4C7D-BC61-D1B82CD678D5}.ClientDebug|ARM.ActiveCfg = Debug|Win32
		{239CA191-4A9B-4C7D-BC61-D1B82CD678D5}.ClientDebug|Mixed Platforms.ActiveCfg = Debug|Win32
		{239CA191-4A9B-4C7D-BC61-D1B82CD678D5}.ClientDebug|Mixed Platforms.Build.0 = Debug|Win32
		{239CA191-4A9B-4C7D-BC61-D1B82CD678D5}.ClientDebug|Win32.ActiveCfg = Debug|Win32
		{239CA191-4A9B-4C7D-BC61-D1B82CD678D5}.ClientDebug|Win32.Build.0 = Debug|Win32
		{239CA191-4A9B-4C7D-BC61-D1B82CD678D5}.ClientDebug|x64.ActiveCfg = Debug|Win32
		{239CA191-4A9B-4C7D-BC61-D1B82CD678D5}.ClientDebug|x86.ActiveCfg = Debug|Win32
		{239CA191-4A9B-4C7D-BC61-D1B82CD678D5}.ClientDebug|x86.Build.0 = Debug|Win32
		{239CA191-4A9B-4C7D-BC61-D1B82CD678D5}.Debug|Any CPU.ActiveCfg = Debug|Win32
		{239CA191-4A9B-4C7D-BC61-D1B82CD678D5}.Debug|ARM.ActiveCfg = Debug|Win32
		{239CA191-4A9B-4C7D-BC61-D1B82CD678D5}.Debug|Mixed Platforms.ActiveCfg = Debug|Win32
		{239CA191-4A9B-4C7D-BC61-D1B82CD678D5}.Debug|Mixed Platforms.Build.0 = Debug|Win32
		{239CA191-4A9B-4C7D-BC61-D1B82CD678D5}.Debug|Win32.ActiveCfg = Debug|Win32
		{239CA191-4A9B-4C7D-BC61-D1B82CD678D5}.Debug|Win32.Build.0 = Debug|Win32
		{239CA191-4A9B-4C7D-BC61-D1B82CD678D5}.Debug|x64.ActiveCfg = Debug|Win32
		{239CA191-4A9B-4C7D-BC61-D1B82CD678D5}.Debug|x86.ActiveCfg = Debug|Win32
		{239CA191-4A9B-4C7D-BC61-D1B82CD678D5}.Debug|x86.Build.0 = Debug|Win32
		{239CA191-4A9B-4C7D-BC61-D1B82CD678D5}.Release|Any CPU.ActiveCfg = Release|Win32
		{239CA191-4A9B-4C7D-BC61-D1B82CD678D5}.Release|ARM.ActiveCfg = Release|Win32
		{239CA191-4A9B-4C7D-BC61-D1B82CD678D5}.Release|Mixed Platforms.ActiveCfg = Release|Win32
		{239CA191-4A9B-4C7D-BC61-D1B82CD678D5}.Release|Mixed Platforms.Build.0 = Release|Win32
		{239CA191-4A9B-4C7D-BC61-D1B82CD678D5}.Release|Win32.ActiveCfg = Release|Win32
		{239CA191-4A9B-4C7D-BC61-D1B82CD678D5}.Release|Win32.Build.0 = Release|Win32
		{239CA191-4A9B-4C7D-BC61-D1B82CD678D5}.Release|x64.ActiveCfg = Release|Win32
		{239CA191-4A9B-4C7D-BC61-D1B82CD678D5}.Release|x86.ActiveCfg = Release|Win32
		{239CA191-4A9B-4C7D-BC61-D1B82CD678D5}.Release|x86.Build.0 = Release|Win32
		{CC5D5149-0092-4508-AC34-2ABE1468A1C9}.ClientDebug|Any CPU.ActiveCfg = Debug|Any CPU
		{CC5D5149-0092-4508-AC34-2ABE1468A1C9}.ClientDebug|Any CPU.Build.0 = Debug|Any CPU
		{CC5D5149-0092-4508-AC34-2ABE1468A1C9}.ClientDebug|ARM.ActiveCfg = Debug|Any CPU
		{CC5D5149-0092-4508-AC34-2ABE1468A1C9}.ClientDebug|Mixed Platforms.ActiveCfg = Debug|Any CPU
		{CC5D5149-0092-4508-AC34-2ABE1468A1C9}.ClientDebug|Mixed Platforms.Build.0 = Debug|Any CPU
		{CC5D5149-0092-4508-AC34-2ABE1468A1C9}.ClientDebug|Win32.ActiveCfg = Debug|Any CPU
		{CC5D5149-0092-4508-AC34-2ABE1468A1C9}.ClientDebug|x64.ActiveCfg = Debug|Any CPU
		{CC5D5149-0092-4508-AC34-2ABE1468A1C9}.ClientDebug|x86.ActiveCfg = Debug|Any CPU
		{CC5D5149-0092-4508-AC34-2ABE1468A1C9}.Debug|Any CPU.ActiveCfg = Debug|Any CPU
		{CC5D5149-0092-4508-AC34-2ABE1468A1C9}.Debug|Any CPU.Build.0 = Debug|Any CPU
		{CC5D5149-0092-4508-AC34-2ABE1468A1C9}.Debug|ARM.ActiveCfg = Debug|Any CPU
		{CC5D5149-0092-4508-AC34-2ABE1468A1C9}.Debug|Mixed Platforms.ActiveCfg = Debug|Any CPU
		{CC5D5149-0092-4508-AC34-2ABE1468A1C9}.Debug|Mixed Platforms.Build.0 = Debug|Any CPU
		{CC5D5149-0092-4508-AC34-2ABE1468A1C9}.Debug|Win32.ActiveCfg = Debug|Any CPU
		{CC5D5149-0092-4508-AC34-2ABE1468A1C9}.Debug|x64.ActiveCfg = Debug|Any CPU
		{CC5D5149-0092-4508-AC34-2ABE1468A1C9}.Debug|x86.ActiveCfg = Debug|Any CPU
		{CC5D5149-0092-4508-AC34-2ABE1468A1C9}.Release|Any CPU.ActiveCfg = Release|Any CPU
		{CC5D5149-0092-4508-AC34-2ABE1468A1C9}.Release|Any CPU.Build.0 = Release|Any CPU
		{CC5D5149-0092-4508-AC34-2ABE1468A1C9}.Release|ARM.ActiveCfg = Release|Any CPU
		{CC5D5149-0092-4508-AC34-2ABE1468A1C9}.Release|Mixed Platforms.ActiveCfg = Release|Any CPU
		{CC5D5149-0092-4508-AC34-2ABE1468A1C9}.Release|Mixed Platforms.Build.0 = Release|Any CPU
		{CC5D5149-0092-4508-AC34-2ABE1468A1C9}.Release|Win32.ActiveCfg = Release|Any CPU
		{CC5D5149-0092-4508-AC34-2ABE1468A1C9}.Release|x64.ActiveCfg = Release|Any CPU
		{CC5D5149-0092-4508-AC34-2ABE1468A1C9}.Release|x86.ActiveCfg = Release|Any CPU
		{FD48314A-9615-4BA6-913A-03787FB2DD30}.ClientDebug|Any CPU.ActiveCfg = Debug|Win32
		{FD48314A-9615-4BA6-913A-03787FB2DD30}.ClientDebug|ARM.ActiveCfg = Debug|Win32
		{FD48314A-9615-4BA6-913A-03787FB2DD30}.ClientDebug|Mixed Platforms.ActiveCfg = Debug|Win32
		{FD48314A-9615-4BA6-913A-03787FB2DD30}.ClientDebug|Mixed Platforms.Build.0 = Debug|Win32
		{FD48314A-9615-4BA6-913A-03787FB2DD30}.ClientDebug|Win32.ActiveCfg = Debug|Win32
		{FD48314A-9615-4BA6-913A-03787FB2DD30}.ClientDebug|Win32.Build.0 = Debug|Win32
		{FD48314A-9615-4BA6-913A-03787FB2DD30}.ClientDebug|x64.ActiveCfg = Debug|x64
		{FD48314A-9615-4BA6-913A-03787FB2DD30}.ClientDebug|x64.Build.0 = Debug|x64
		{FD48314A-9615-4BA6-913A-03787FB2DD30}.ClientDebug|x86.ActiveCfg = Debug|Win32
		{FD48314A-9615-4BA6-913A-03787FB2DD30}.ClientDebug|x86.Build.0 = Debug|Win32
		{FD48314A-9615-4BA6-913A-03787FB2DD30}.Debug|Any CPU.ActiveCfg = Debug|Win32
		{FD48314A-9615-4BA6-913A-03787FB2DD30}.Debug|ARM.ActiveCfg = Debug|Win32
		{FD48314A-9615-4BA6-913A-03787FB2DD30}.Debug|Mixed Platforms.ActiveCfg = Debug|Win32
		{FD48314A-9615-4BA6-913A-03787FB2DD30}.Debug|Mixed Platforms.Build.0 = Debug|Win32
		{FD48314A-9615-4BA6-913A-03787FB2DD30}.Debug|Win32.ActiveCfg = Debug|Win32
		{FD48314A-9615-4BA6-913A-03787FB2DD30}.Debug|Win32.Build.0 = Debug|Win32
		{FD48314A-9615-4BA6-913A-03787FB2DD30}.Debug|x64.ActiveCfg = Debug|x64
		{FD48314A-9615-4BA6-913A-03787FB2DD30}.Debug|x64.Build.0 = Debug|x64
		{FD48314A-9615-4BA6-913A-03787FB2DD30}.Debug|x86.ActiveCfg = Debug|Win32
		{FD48314A-9615-4BA6-913A-03787FB2DD30}.Debug|x86.Build.0 = Debug|Win32
		{FD48314A-9615-4BA6-913A-03787FB2DD30}.Release|Any CPU.ActiveCfg = Release|Win32
		{FD48314A-9615-4BA6-913A-03787FB2DD30}.Release|ARM.ActiveCfg = Release|Win32
		{FD48314A-9615-4BA6-913A-03787FB2DD30}.Release|Mixed Platforms.ActiveCfg = Release|Win32
		{FD48314A-9615-4BA6-913A-03787FB2DD30}.Release|Mixed Platforms.Build.0 = Release|Win32
		{FD48314A-9615-4BA6-913A-03787FB2DD30}.Release|Win32.ActiveCfg = Release|Win32
		{FD48314A-9615-4BA6-913A-03787FB2DD30}.Release|Win32.Build.0 = Release|Win32
		{FD48314A-9615-4BA6-913A-03787FB2DD30}.Release|x64.ActiveCfg = Release|x64
		{FD48314A-9615-4BA6-913A-03787FB2DD30}.Release|x64.Build.0 = Release|x64
		{FD48314A-9615-4BA6-913A-03787FB2DD30}.Release|x86.ActiveCfg = Release|Win32
		{FD48314A-9615-4BA6-913A-03787FB2DD30}.Release|x86.Build.0 = Release|Win32
		{BCED5CED-5AE7-4684-A9A4-277DADB04857}.ClientDebug|Any CPU.ActiveCfg = Debug|Any CPU
		{BCED5CED-5AE7-4684-A9A4-277DADB04857}.ClientDebug|Any CPU.Build.0 = Debug|Any CPU
		{BCED5CED-5AE7-4684-A9A4-277DADB04857}.ClientDebug|ARM.ActiveCfg = Debug|Any CPU
		{BCED5CED-5AE7-4684-A9A4-277DADB04857}.ClientDebug|Mixed Platforms.ActiveCfg = Debug|Any CPU
		{BCED5CED-5AE7-4684-A9A4-277DADB04857}.ClientDebug|Mixed Platforms.Build.0 = Debug|Any CPU
		{BCED5CED-5AE7-4684-A9A4-277DADB04857}.ClientDebug|Win32.ActiveCfg = Debug|Any CPU
		{BCED5CED-5AE7-4684-A9A4-277DADB04857}.ClientDebug|x64.ActiveCfg = Debug|Any CPU
		{BCED5CED-5AE7-4684-A9A4-277DADB04857}.ClientDebug|x86.ActiveCfg = Debug|Any CPU
		{BCED5CED-5AE7-4684-A9A4-277DADB04857}.Debug|Any CPU.ActiveCfg = Debug|Any CPU
		{BCED5CED-5AE7-4684-A9A4-277DADB04857}.Debug|Any CPU.Build.0 = Debug|Any CPU
		{BCED5CED-5AE7-4684-A9A4-277DADB04857}.Debug|ARM.ActiveCfg = Debug|Any CPU
		{BCED5CED-5AE7-4684-A9A4-277DADB04857}.Debug|Mixed Platforms.ActiveCfg = Debug|Any CPU
		{BCED5CED-5AE7-4684-A9A4-277DADB04857}.Debug|Mixed Platforms.Build.0 = Debug|Any CPU
		{BCED5CED-5AE7-4684-A9A4-277DADB04857}.Debug|Win32.ActiveCfg = Debug|Any CPU
		{BCED5CED-5AE7-4684-A9A4-277DADB04857}.Debug|x64.ActiveCfg = Debug|Any CPU
		{BCED5CED-5AE7-4684-A9A4-277DADB04857}.Debug|x86.ActiveCfg = Debug|Any CPU
		{BCED5CED-5AE7-4684-A9A4-277DADB04857}.Release|Any CPU.ActiveCfg = Release|Any CPU
		{BCED5CED-5AE7-4684-A9A4-277DADB04857}.Release|Any CPU.Build.0 = Release|Any CPU
		{BCED5CED-5AE7-4684-A9A4-277DADB04857}.Release|ARM.ActiveCfg = Release|Any CPU
		{BCED5CED-5AE7-4684-A9A4-277DADB04857}.Release|Mixed Platforms.ActiveCfg = Release|Any CPU
		{BCED5CED-5AE7-4684-A9A4-277DADB04857}.Release|Mixed Platforms.Build.0 = Release|Any CPU
		{BCED5CED-5AE7-4684-A9A4-277DADB04857}.Release|Win32.ActiveCfg = Release|Any CPU
		{BCED5CED-5AE7-4684-A9A4-277DADB04857}.Release|x64.ActiveCfg = Release|Any CPU
		{BCED5CED-5AE7-4684-A9A4-277DADB04857}.Release|x86.ActiveCfg = Release|Any CPU
		{D3394DA2-560D-4A25-9486-A68503B9E360}.ClientDebug|Any CPU.ActiveCfg = Debug|Any CPU
		{D3394DA2-560D-4A25-9486-A68503B9E360}.ClientDebug|Any CPU.Build.0 = Debug|Any CPU
		{D3394DA2-560D-4A25-9486-A68503B9E360}.ClientDebug|ARM.ActiveCfg = Debug|Any CPU
		{D3394DA2-560D-4A25-9486-A68503B9E360}.ClientDebug|Mixed Platforms.ActiveCfg = Debug|Any CPU
		{D3394DA2-560D-4A25-9486-A68503B9E360}.ClientDebug|Mixed Platforms.Build.0 = Debug|Any CPU
		{D3394DA2-560D-4A25-9486-A68503B9E360}.ClientDebug|Win32.ActiveCfg = Debug|Any CPU
		{D3394DA2-560D-4A25-9486-A68503B9E360}.ClientDebug|x64.ActiveCfg = Debug|Any CPU
		{D3394DA2-560D-4A25-9486-A68503B9E360}.ClientDebug|x86.ActiveCfg = Debug|Any CPU
		{D3394DA2-560D-4A25-9486-A68503B9E360}.Debug|Any CPU.ActiveCfg = Debug|Any CPU
		{D3394DA2-560D-4A25-9486-A68503B9E360}.Debug|Any CPU.Build.0 = Debug|Any CPU
		{D3394DA2-560D-4A25-9486-A68503B9E360}.Debug|ARM.ActiveCfg = Debug|Any CPU
		{D3394DA2-560D-4A25-9486-A68503B9E360}.Debug|Mixed Platforms.ActiveCfg = Debug|Any CPU
		{D3394DA2-560D-4A25-9486-A68503B9E360}.Debug|Mixed Platforms.Build.0 = Debug|Any CPU
		{D3394DA2-560D-4A25-9486-A68503B9E360}.Debug|Win32.ActiveCfg = Debug|Any CPU
		{D3394DA2-560D-4A25-9486-A68503B9E360}.Debug|x64.ActiveCfg = Debug|Any CPU
		{D3394DA2-560D-4A25-9486-A68503B9E360}.Debug|x86.ActiveCfg = Debug|Any CPU
		{D3394DA2-560D-4A25-9486-A68503B9E360}.Release|Any CPU.ActiveCfg = Release|Any CPU
		{D3394DA2-560D-4A25-9486-A68503B9E360}.Release|Any CPU.Build.0 = Release|Any CPU
		{D3394DA2-560D-4A25-9486-A68503B9E360}.Release|ARM.ActiveCfg = Release|Any CPU
		{D3394DA2-560D-4A25-9486-A68503B9E360}.Release|Mixed Platforms.ActiveCfg = Release|Any CPU
		{D3394DA2-560D-4A25-9486-A68503B9E360}.Release|Mixed Platforms.Build.0 = Release|Any CPU
		{D3394DA2-560D-4A25-9486-A68503B9E360}.Release|Win32.ActiveCfg = Release|Any CPU
		{D3394DA2-560D-4A25-9486-A68503B9E360}.Release|x64.ActiveCfg = Release|Any CPU
		{D3394DA2-560D-4A25-9486-A68503B9E360}.Release|x86.ActiveCfg = Release|Any CPU
		{B9EE271D-461E-4B89-97DF-CE64109F5B90}.ClientDebug|Any CPU.ActiveCfg = Debug|x86
		{B9EE271D-461E-4B89-97DF-CE64109F5B90}.ClientDebug|ARM.ActiveCfg = Debug|x86
		{B9EE271D-461E-4B89-97DF-CE64109F5B90}.ClientDebug|Mixed Platforms.ActiveCfg = Debug|x86
		{B9EE271D-461E-4B89-97DF-CE64109F5B90}.ClientDebug|Mixed Platforms.Build.0 = Debug|x86
		{B9EE271D-461E-4B89-97DF-CE64109F5B90}.ClientDebug|Win32.ActiveCfg = Debug|x86
		{B9EE271D-461E-4B89-97DF-CE64109F5B90}.ClientDebug|Win32.Build.0 = Debug|x86
		{B9EE271D-461E-4B89-97DF-CE64109F5B90}.ClientDebug|x64.ActiveCfg = Debug|x86
		{B9EE271D-461E-4B89-97DF-CE64109F5B90}.ClientDebug|x86.ActiveCfg = Debug|x86
		{B9EE271D-461E-4B89-97DF-CE64109F5B90}.ClientDebug|x86.Build.0 = Debug|x86
		{B9EE271D-461E-4B89-97DF-CE64109F5B90}.Debug|Any CPU.ActiveCfg = Debug|x86
		{B9EE271D-461E-4B89-97DF-CE64109F5B90}.Debug|ARM.ActiveCfg = Debug|x86
		{B9EE271D-461E-4B89-97DF-CE64109F5B90}.Debug|Mixed Platforms.ActiveCfg = Debug|x86
		{B9EE271D-461E-4B89-97DF-CE64109F5B90}.Debug|Mixed Platforms.Build.0 = Debug|x86
		{B9EE271D-461E-4B89-97DF-CE64109F5B90}.Debug|Win32.ActiveCfg = Debug|x86
		{B9EE271D-461E-4B89-97DF-CE64109F5B90}.Debug|Win32.Build.0 = Debug|x86
		{B9EE271D-461E-4B89-97DF-CE64109F5B90}.Debug|x64.ActiveCfg = Debug|x86
		{B9EE271D-461E-4B89-97DF-CE64109F5B90}.Debug|x86.ActiveCfg = Debug|x86
		{B9EE271D-461E-4B89-97DF-CE64109F5B90}.Debug|x86.Build.0 = Debug|x86
		{B9EE271D-461E-4B89-97DF-CE64109F5B90}.Release|Any CPU.ActiveCfg = Release|x86
		{B9EE271D-461E-4B89-97DF-CE64109F5B90}.Release|ARM.ActiveCfg = Release|x86
		{B9EE271D-461E-4B89-97DF-CE64109F5B90}.Release|Mixed Platforms.ActiveCfg = Release|x86
		{B9EE271D-461E-4B89-97DF-CE64109F5B90}.Release|Mixed Platforms.Build.0 = Release|x86
		{B9EE271D-461E-4B89-97DF-CE64109F5B90}.Release|Win32.ActiveCfg = Release|x86
		{B9EE271D-461E-4B89-97DF-CE64109F5B90}.Release|Win32.Build.0 = Release|x86
		{B9EE271D-461E-4B89-97DF-CE64109F5B90}.Release|x64.ActiveCfg = Release|x86
		{B9EE271D-461E-4B89-97DF-CE64109F5B90}.Release|x86.ActiveCfg = Release|x86
		{B9EE271D-461E-4B89-97DF-CE64109F5B90}.Release|x86.Build.0 = Release|x86
		{23A86E68-65DA-447B-A29A-C7FDEB043A1F}.ClientDebug|Any CPU.ActiveCfg = Debug|Any CPU
		{23A86E68-65DA-447B-A29A-C7FDEB043A1F}.ClientDebug|Any CPU.Build.0 = Debug|Any CPU
		{23A86E68-65DA-447B-A29A-C7FDEB043A1F}.ClientDebug|ARM.ActiveCfg = Debug|Any CPU
		{23A86E68-65DA-447B-A29A-C7FDEB043A1F}.ClientDebug|Mixed Platforms.ActiveCfg = Debug|Any CPU
		{23A86E68-65DA-447B-A29A-C7FDEB043A1F}.ClientDebug|Mixed Platforms.Build.0 = Debug|Any CPU
		{23A86E68-65DA-447B-A29A-C7FDEB043A1F}.ClientDebug|Win32.ActiveCfg = Debug|Any CPU
		{23A86E68-65DA-447B-A29A-C7FDEB043A1F}.ClientDebug|x64.ActiveCfg = Debug|Any CPU
		{23A86E68-65DA-447B-A29A-C7FDEB043A1F}.ClientDebug|x86.ActiveCfg = Debug|Any CPU
		{23A86E68-65DA-447B-A29A-C7FDEB043A1F}.Debug|Any CPU.ActiveCfg = Debug|Any CPU
		{23A86E68-65DA-447B-A29A-C7FDEB043A1F}.Debug|Any CPU.Build.0 = Debug|Any CPU
		{23A86E68-65DA-447B-A29A-C7FDEB043A1F}.Debug|ARM.ActiveCfg = Debug|Any CPU
		{23A86E68-65DA-447B-A29A-C7FDEB043A1F}.Debug|Mixed Platforms.ActiveCfg = Debug|Any CPU
		{23A86E68-65DA-447B-A29A-C7FDEB043A1F}.Debug|Mixed Platforms.Build.0 = Debug|Any CPU
		{23A86E68-65DA-447B-A29A-C7FDEB043A1F}.Debug|Win32.ActiveCfg = Debug|Any CPU
		{23A86E68-65DA-447B-A29A-C7FDEB043A1F}.Debug|x64.ActiveCfg = Debug|Any CPU
		{23A86E68-65DA-447B-A29A-C7FDEB043A1F}.Debug|x86.ActiveCfg = Debug|Any CPU
		{23A86E68-65DA-447B-A29A-C7FDEB043A1F}.Release|Any CPU.ActiveCfg = Release|Any CPU
		{23A86E68-65DA-447B-A29A-C7FDEB043A1F}.Release|Any CPU.Build.0 = Release|Any CPU
		{23A86E68-65DA-447B-A29A-C7FDEB043A1F}.Release|ARM.ActiveCfg = Release|Any CPU
		{23A86E68-65DA-447B-A29A-C7FDEB043A1F}.Release|Mixed Platforms.ActiveCfg = Release|Any CPU
		{23A86E68-65DA-447B-A29A-C7FDEB043A1F}.Release|Mixed Platforms.Build.0 = Release|Any CPU
		{23A86E68-65DA-447B-A29A-C7FDEB043A1F}.Release|Win32.ActiveCfg = Release|Any CPU
		{23A86E68-65DA-447B-A29A-C7FDEB043A1F}.Release|x64.ActiveCfg = Release|Any CPU
		{23A86E68-65DA-447B-A29A-C7FDEB043A1F}.Release|x86.ActiveCfg = Release|Any CPU
		{A7F94CC5-47D0-43A4-8BB7-5F07E048BD18}.ClientDebug|Any CPU.ActiveCfg = Debug|Any CPU
		{A7F94CC5-47D0-43A4-8BB7-5F07E048BD18}.ClientDebug|Any CPU.Build.0 = Debug|Any CPU
		{A7F94CC5-47D0-43A4-8BB7-5F07E048BD18}.ClientDebug|ARM.ActiveCfg = Debug|Any CPU
		{A7F94CC5-47D0-43A4-8BB7-5F07E048BD18}.ClientDebug|Mixed Platforms.ActiveCfg = Debug|Any CPU
		{A7F94CC5-47D0-43A4-8BB7-5F07E048BD18}.ClientDebug|Mixed Platforms.Build.0 = Debug|Any CPU
		{A7F94CC5-47D0-43A4-8BB7-5F07E048BD18}.ClientDebug|Win32.ActiveCfg = Debug|Any CPU
		{A7F94CC5-47D0-43A4-8BB7-5F07E048BD18}.ClientDebug|x64.ActiveCfg = Debug|Any CPU
		{A7F94CC5-47D0-43A4-8BB7-5F07E048BD18}.ClientDebug|x86.ActiveCfg = Debug|Any CPU
		{A7F94CC5-47D0-43A4-8BB7-5F07E048BD18}.Debug|Any CPU.ActiveCfg = Debug|Any CPU
		{A7F94CC5-47D0-43A4-8BB7-5F07E048BD18}.Debug|Any CPU.Build.0 = Debug|Any CPU
		{A7F94CC5-47D0-43A4-8BB7-5F07E048BD18}.Debug|ARM.ActiveCfg = Debug|Any CPU
		{A7F94CC5-47D0-43A4-8BB7-5F07E048BD18}.Debug|Mixed Platforms.ActiveCfg = Debug|Any CPU
		{A7F94CC5-47D0-43A4-8BB7-5F07E048BD18}.Debug|Mixed Platforms.Build.0 = Debug|Any CPU
		{A7F94CC5-47D0-43A4-8BB7-5F07E048BD18}.Debug|Win32.ActiveCfg = Debug|Any CPU
		{A7F94CC5-47D0-43A4-8BB7-5F07E048BD18}.Debug|x64.ActiveCfg = Debug|Any CPU
		{A7F94CC5-47D0-43A4-8BB7-5F07E048BD18}.Debug|x86.ActiveCfg = Debug|Any CPU
		{A7F94CC5-47D0-43A4-8BB7-5F07E048BD18}.Release|Any CPU.ActiveCfg = Release|Any CPU
		{A7F94CC5-47D0-43A4-8BB7-5F07E048BD18}.Release|Any CPU.Build.0 = Release|Any CPU
		{A7F94CC5-47D0-43A4-8BB7-5F07E048BD18}.Release|ARM.ActiveCfg = Release|Any CPU
		{A7F94CC5-47D0-43A4-8BB7-5F07E048BD18}.Release|Mixed Platforms.ActiveCfg = Release|Any CPU
		{A7F94CC5-47D0-43A4-8BB7-5F07E048BD18}.Release|Mixed Platforms.Build.0 = Release|Any CPU
		{A7F94CC5-47D0-43A4-8BB7-5F07E048BD18}.Release|Win32.ActiveCfg = Release|Any CPU
		{A7F94CC5-47D0-43A4-8BB7-5F07E048BD18}.Release|x64.ActiveCfg = Release|Any CPU
		{A7F94CC5-47D0-43A4-8BB7-5F07E048BD18}.Release|x86.ActiveCfg = Release|Any CPU
		{B7DEF861-D0E5-47CE-AEB7-2E9B6091B52F}.ClientDebug|Any CPU.ActiveCfg = Debug|Any CPU
		{B7DEF861-D0E5-47CE-AEB7-2E9B6091B52F}.ClientDebug|Any CPU.Build.0 = Debug|Any CPU
		{B7DEF861-D0E5-47CE-AEB7-2E9B6091B52F}.ClientDebug|ARM.ActiveCfg = Debug|Any CPU
		{B7DEF861-D0E5-47CE-AEB7-2E9B6091B52F}.ClientDebug|Mixed Platforms.ActiveCfg = Debug|Any CPU
		{B7DEF861-D0E5-47CE-AEB7-2E9B6091B52F}.ClientDebug|Mixed Platforms.Build.0 = Debug|Any CPU
		{B7DEF861-D0E5-47CE-AEB7-2E9B6091B52F}.ClientDebug|Win32.ActiveCfg = Debug|Any CPU
		{B7DEF861-D0E5-47CE-AEB7-2E9B6091B52F}.ClientDebug|x64.ActiveCfg = Debug|Any CPU
		{B7DEF861-D0E5-47CE-AEB7-2E9B6091B52F}.ClientDebug|x86.ActiveCfg = Debug|Any CPU
		{B7DEF861-D0E5-47CE-AEB7-2E9B6091B52F}.Debug|Any CPU.ActiveCfg = Debug|Any CPU
		{B7DEF861-D0E5-47CE-AEB7-2E9B6091B52F}.Debug|Any CPU.Build.0 = Debug|Any CPU
		{B7DEF861-D0E5-47CE-AEB7-2E9B6091B52F}.Debug|ARM.ActiveCfg = Debug|Any CPU
		{B7DEF861-D0E5-47CE-AEB7-2E9B6091B52F}.Debug|Mixed Platforms.ActiveCfg = Debug|Any CPU
		{B7DEF861-D0E5-47CE-AEB7-2E9B6091B52F}.Debug|Mixed Platforms.Build.0 = Debug|Any CPU
		{B7DEF861-D0E5-47CE-AEB7-2E9B6091B52F}.Debug|Win32.ActiveCfg = Debug|Any CPU
		{B7DEF861-D0E5-47CE-AEB7-2E9B6091B52F}.Debug|x64.ActiveCfg = Debug|Any CPU
		{B7DEF861-D0E5-47CE-AEB7-2E9B6091B52F}.Debug|x86.ActiveCfg = Debug|Any CPU
		{B7DEF861-D0E5-47CE-AEB7-2E9B6091B52F}.Release|Any CPU.ActiveCfg = Release|Any CPU
		{B7DEF861-D0E5-47CE-AEB7-2E9B6091B52F}.Release|Any CPU.Build.0 = Release|Any CPU
		{B7DEF861-D0E5-47CE-AEB7-2E9B6091B52F}.Release|ARM.ActiveCfg = Release|Any CPU
		{B7DEF861-D0E5-47CE-AEB7-2E9B6091B52F}.Release|Mixed Platforms.ActiveCfg = Release|Any CPU
		{B7DEF861-D0E5-47CE-AEB7-2E9B6091B52F}.Release|Mixed Platforms.Build.0 = Release|Any CPU
		{B7DEF861-D0E5-47CE-AEB7-2E9B6091B52F}.Release|Win32.ActiveCfg = Release|Any CPU
		{B7DEF861-D0E5-47CE-AEB7-2E9B6091B52F}.Release|x64.ActiveCfg = Release|Any CPU
		{B7DEF861-D0E5-47CE-AEB7-2E9B6091B52F}.Release|x86.ActiveCfg = Release|Any CPU
		{DB0E2F8C-2834-470B-8BC8-879A35DF570B}.ClientDebug|Any CPU.ActiveCfg = Debug|Any CPU
		{DB0E2F8C-2834-470B-8BC8-879A35DF570B}.ClientDebug|Any CPU.Build.0 = Debug|Any CPU
		{DB0E2F8C-2834-470B-8BC8-879A35DF570B}.ClientDebug|ARM.ActiveCfg = Debug|Any CPU
		{DB0E2F8C-2834-470B-8BC8-879A35DF570B}.ClientDebug|Mixed Platforms.ActiveCfg = Debug|Any CPU
		{DB0E2F8C-2834-470B-8BC8-879A35DF570B}.ClientDebug|Mixed Platforms.Build.0 = Debug|Any CPU
		{DB0E2F8C-2834-470B-8BC8-879A35DF570B}.ClientDebug|Win32.ActiveCfg = Debug|Any CPU
		{DB0E2F8C-2834-470B-8BC8-879A35DF570B}.ClientDebug|x64.ActiveCfg = Debug|Any CPU
		{DB0E2F8C-2834-470B-8BC8-879A35DF570B}.ClientDebug|x86.ActiveCfg = Debug|Any CPU
		{DB0E2F8C-2834-470B-8BC8-879A35DF570B}.Debug|Any CPU.ActiveCfg = Debug|Any CPU
		{DB0E2F8C-2834-470B-8BC8-879A35DF570B}.Debug|Any CPU.Build.0 = Debug|Any CPU
		{DB0E2F8C-2834-470B-8BC8-879A35DF570B}.Debug|ARM.ActiveCfg = Debug|Any CPU
		{DB0E2F8C-2834-470B-8BC8-879A35DF570B}.Debug|Mixed Platforms.ActiveCfg = Debug|Any CPU
		{DB0E2F8C-2834-470B-8BC8-879A35DF570B}.Debug|Mixed Platforms.Build.0 = Debug|Any CPU
		{DB0E2F8C-2834-470B-8BC8-879A35DF570B}.Debug|Win32.ActiveCfg = Debug|Any CPU
		{DB0E2F8C-2834-470B-8BC8-879A35DF570B}.Debug|x64.ActiveCfg = Debug|Any CPU
		{DB0E2F8C-2834-470B-8BC8-879A35DF570B}.Debug|x86.ActiveCfg = Debug|Any CPU
		{DB0E2F8C-2834-470B-8BC8-879A35DF570B}.Release|Any CPU.ActiveCfg = Release|Any CPU
		{DB0E2F8C-2834-470B-8BC8-879A35DF570B}.Release|Any CPU.Build.0 = Release|Any CPU
		{DB0E2F8C-2834-470B-8BC8-879A35DF570B}.Release|ARM.ActiveCfg = Release|Any CPU
		{DB0E2F8C-2834-470B-8BC8-879A35DF570B}.Release|Mixed Platforms.ActiveCfg = Release|Any CPU
		{DB0E2F8C-2834-470B-8BC8-879A35DF570B}.Release|Mixed Platforms.Build.0 = Release|Any CPU
		{DB0E2F8C-2834-470B-8BC8-879A35DF570B}.Release|Win32.ActiveCfg = Release|Any CPU
		{DB0E2F8C-2834-470B-8BC8-879A35DF570B}.Release|x64.ActiveCfg = Release|Any CPU
		{DB0E2F8C-2834-470B-8BC8-879A35DF570B}.Release|x86.ActiveCfg = Release|Any CPU
		{EE0B8570-7E26-4F8E-B9E8-F57796D5ABD5}.ClientDebug|Any CPU.ActiveCfg = Debug|Any CPU
		{EE0B8570-7E26-4F8E-B9E8-F57796D5ABD5}.ClientDebug|Any CPU.Build.0 = Debug|Any CPU
		{EE0B8570-7E26-4F8E-B9E8-F57796D5ABD5}.ClientDebug|ARM.ActiveCfg = Debug|Any CPU
		{EE0B8570-7E26-4F8E-B9E8-F57796D5ABD5}.ClientDebug|Mixed Platforms.ActiveCfg = Debug|Any CPU
		{EE0B8570-7E26-4F8E-B9E8-F57796D5ABD5}.ClientDebug|Mixed Platforms.Build.0 = Debug|Any CPU
		{EE0B8570-7E26-4F8E-B9E8-F57796D5ABD5}.ClientDebug|Win32.ActiveCfg = Debug|Any CPU
		{EE0B8570-7E26-4F8E-B9E8-F57796D5ABD5}.ClientDebug|x64.ActiveCfg = Debug|Any CPU
		{EE0B8570-7E26-4F8E-B9E8-F57796D5ABD5}.ClientDebug|x86.ActiveCfg = Debug|Any CPU
		{EE0B8570-7E26-4F8E-B9E8-F57796D5ABD5}.Debug|Any CPU.ActiveCfg = Debug|Any CPU
		{EE0B8570-7E26-4F8E-B9E8-F57796D5ABD5}.Debug|Any CPU.Build.0 = Debug|Any CPU
		{EE0B8570-7E26-4F8E-B9E8-F57796D5ABD5}.Debug|ARM.ActiveCfg = Debug|Any CPU
		{EE0B8570-7E26-4F8E-B9E8-F57796D5ABD5}.Debug|Mixed Platforms.ActiveCfg = Debug|Any CPU
		{EE0B8570-7E26-4F8E-B9E8-F57796D5ABD5}.Debug|Mixed Platforms.Build.0 = Debug|Any CPU
		{EE0B8570-7E26-4F8E-B9E8-F57796D5ABD5}.Debug|Win32.ActiveCfg = Debug|Any CPU
		{EE0B8570-7E26-4F8E-B9E8-F57796D5ABD5}.Debug|x64.ActiveCfg = Debug|Any CPU
		{EE0B8570-7E26-4F8E-B9E8-F57796D5ABD5}.Debug|x86.ActiveCfg = Debug|Any CPU
		{EE0B8570-7E26-4F8E-B9E8-F57796D5ABD5}.Release|Any CPU.ActiveCfg = Release|Any CPU
		{EE0B8570-7E26-4F8E-B9E8-F57796D5ABD5}.Release|Any CPU.Build.0 = Release|Any CPU
		{EE0B8570-7E26-4F8E-B9E8-F57796D5ABD5}.Release|ARM.ActiveCfg = Release|Any CPU
		{EE0B8570-7E26-4F8E-B9E8-F57796D5ABD5}.Release|Mixed Platforms.ActiveCfg = Release|Any CPU
		{EE0B8570-7E26-4F8E-B9E8-F57796D5ABD5}.Release|Mixed Platforms.Build.0 = Release|Any CPU
		{EE0B8570-7E26-4F8E-B9E8-F57796D5ABD5}.Release|Win32.ActiveCfg = Release|Any CPU
		{EE0B8570-7E26-4F8E-B9E8-F57796D5ABD5}.Release|x64.ActiveCfg = Release|Any CPU
		{EE0B8570-7E26-4F8E-B9E8-F57796D5ABD5}.Release|x86.ActiveCfg = Release|Any CPU
		{B423D503-28D4-497C-9A7D-804BD60E6C15}.ClientDebug|Any CPU.ActiveCfg = Debug|Any CPU
		{B423D503-28D4-497C-9A7D-804BD60E6C15}.ClientDebug|Any CPU.Build.0 = Debug|Any CPU
		{B423D503-28D4-497C-9A7D-804BD60E6C15}.ClientDebug|ARM.ActiveCfg = Debug|Any CPU
		{B423D503-28D4-497C-9A7D-804BD60E6C15}.ClientDebug|Mixed Platforms.ActiveCfg = Debug|Any CPU
		{B423D503-28D4-497C-9A7D-804BD60E6C15}.ClientDebug|Mixed Platforms.Build.0 = Debug|Any CPU
		{B423D503-28D4-497C-9A7D-804BD60E6C15}.ClientDebug|Win32.ActiveCfg = Debug|Any CPU
		{B423D503-28D4-497C-9A7D-804BD60E6C15}.ClientDebug|x64.ActiveCfg = Debug|Any CPU
		{B423D503-28D4-497C-9A7D-804BD60E6C15}.ClientDebug|x86.ActiveCfg = Debug|Any CPU
		{B423D503-28D4-497C-9A7D-804BD60E6C15}.Debug|Any CPU.ActiveCfg = Debug|Any CPU
		{B423D503-28D4-497C-9A7D-804BD60E6C15}.Debug|Any CPU.Build.0 = Debug|Any CPU
		{B423D503-28D4-497C-9A7D-804BD60E6C15}.Debug|ARM.ActiveCfg = Debug|Any CPU
		{B423D503-28D4-497C-9A7D-804BD60E6C15}.Debug|Mixed Platforms.ActiveCfg = Debug|Any CPU
		{B423D503-28D4-497C-9A7D-804BD60E6C15}.Debug|Mixed Platforms.Build.0 = Debug|Any CPU
		{B423D503-28D4-497C-9A7D-804BD60E6C15}.Debug|Win32.ActiveCfg = Debug|Any CPU
		{B423D503-28D4-497C-9A7D-804BD60E6C15}.Debug|x64.ActiveCfg = Debug|Any CPU
		{B423D503-28D4-497C-9A7D-804BD60E6C15}.Debug|x86.ActiveCfg = Debug|Any CPU
		{B423D503-28D4-497C-9A7D-804BD60E6C15}.Release|Any CPU.ActiveCfg = Release|Any CPU
		{B423D503-28D4-497C-9A7D-804BD60E6C15}.Release|Any CPU.Build.0 = Release|Any CPU
		{B423D503-28D4-497C-9A7D-804BD60E6C15}.Release|ARM.ActiveCfg = Release|Any CPU
		{B423D503-28D4-497C-9A7D-804BD60E6C15}.Release|Mixed Platforms.ActiveCfg = Release|Any CPU
		{B423D503-28D4-497C-9A7D-804BD60E6C15}.Release|Mixed Platforms.Build.0 = Release|Any CPU
		{B423D503-28D4-497C-9A7D-804BD60E6C15}.Release|Win32.ActiveCfg = Release|Any CPU
		{B423D503-28D4-497C-9A7D-804BD60E6C15}.Release|x64.ActiveCfg = Release|Any CPU
		{B423D503-28D4-497C-9A7D-804BD60E6C15}.Release|x86.ActiveCfg = Release|Any CPU
		{74363882-6ECC-40F5-A7E7-139DD95B52D3}.ClientDebug|Any CPU.ActiveCfg = Debug|x86
		{74363882-6ECC-40F5-A7E7-139DD95B52D3}.ClientDebug|ARM.ActiveCfg = Debug|x86
		{74363882-6ECC-40F5-A7E7-139DD95B52D3}.ClientDebug|Mixed Platforms.ActiveCfg = Debug|x86
		{74363882-6ECC-40F5-A7E7-139DD95B52D3}.ClientDebug|Mixed Platforms.Build.0 = Debug|x86
		{74363882-6ECC-40F5-A7E7-139DD95B52D3}.ClientDebug|Win32.ActiveCfg = Debug|x86
		{74363882-6ECC-40F5-A7E7-139DD95B52D3}.ClientDebug|Win32.Build.0 = Debug|x86
		{74363882-6ECC-40F5-A7E7-139DD95B52D3}.ClientDebug|x64.ActiveCfg = Debug|x86
		{74363882-6ECC-40F5-A7E7-139DD95B52D3}.ClientDebug|x86.ActiveCfg = Debug|x86
		{74363882-6ECC-40F5-A7E7-139DD95B52D3}.ClientDebug|x86.Build.0 = Debug|x86
		{74363882-6ECC-40F5-A7E7-139DD95B52D3}.Debug|Any CPU.ActiveCfg = Debug|x86
		{74363882-6ECC-40F5-A7E7-139DD95B52D3}.Debug|ARM.ActiveCfg = Debug|x86
		{74363882-6ECC-40F5-A7E7-139DD95B52D3}.Debug|Mixed Platforms.ActiveCfg = Debug|x86
		{74363882-6ECC-40F5-A7E7-139DD95B52D3}.Debug|Mixed Platforms.Build.0 = Debug|x86
		{74363882-6ECC-40F5-A7E7-139DD95B52D3}.Debug|Win32.ActiveCfg = Debug|x86
		{74363882-6ECC-40F5-A7E7-139DD95B52D3}.Debug|Win32.Build.0 = Debug|x86
		{74363882-6ECC-40F5-A7E7-139DD95B52D3}.Debug|x64.ActiveCfg = Debug|x86
		{74363882-6ECC-40F5-A7E7-139DD95B52D3}.Debug|x86.ActiveCfg = Debug|x86
		{74363882-6ECC-40F5-A7E7-139DD95B52D3}.Debug|x86.Build.0 = Debug|x86
		{74363882-6ECC-40F5-A7E7-139DD95B52D3}.Release|Any CPU.ActiveCfg = Release|x86
		{74363882-6ECC-40F5-A7E7-139DD95B52D3}.Release|ARM.ActiveCfg = Release|x86
		{74363882-6ECC-40F5-A7E7-139DD95B52D3}.Release|Mixed Platforms.ActiveCfg = Release|x86
		{74363882-6ECC-40F5-A7E7-139DD95B52D3}.Release|Mixed Platforms.Build.0 = Release|x86
		{74363882-6ECC-40F5-A7E7-139DD95B52D3}.Release|Win32.ActiveCfg = Release|x86
		{74363882-6ECC-40F5-A7E7-139DD95B52D3}.Release|Win32.Build.0 = Release|x86
		{74363882-6ECC-40F5-A7E7-139DD95B52D3}.Release|x64.ActiveCfg = Release|x86
		{74363882-6ECC-40F5-A7E7-139DD95B52D3}.Release|x86.ActiveCfg = Release|x86
		{74363882-6ECC-40F5-A7E7-139DD95B52D3}.Release|x86.Build.0 = Release|x86
		{4AB9BBEE-9EF4-4253-8163-8751041642E7}.ClientDebug|Any CPU.ActiveCfg = Debug|Any CPU
		{4AB9BBEE-9EF4-4253-8163-8751041642E7}.ClientDebug|Any CPU.Build.0 = Debug|Any CPU
		{4AB9BBEE-9EF4-4253-8163-8751041642E7}.ClientDebug|ARM.ActiveCfg = Debug|Any CPU
		{4AB9BBEE-9EF4-4253-8163-8751041642E7}.ClientDebug|Mixed Platforms.ActiveCfg = Debug|Any CPU
		{4AB9BBEE-9EF4-4253-8163-8751041642E7}.ClientDebug|Mixed Platforms.Build.0 = Debug|Any CPU
		{4AB9BBEE-9EF4-4253-8163-8751041642E7}.ClientDebug|Win32.ActiveCfg = Debug|Any CPU
		{4AB9BBEE-9EF4-4253-8163-8751041642E7}.ClientDebug|x64.ActiveCfg = Debug|Any CPU
		{4AB9BBEE-9EF4-4253-8163-8751041642E7}.ClientDebug|x86.ActiveCfg = Debug|Any CPU
		{4AB9BBEE-9EF4-4253-8163-8751041642E7}.Debug|Any CPU.ActiveCfg = Debug|Any CPU
		{4AB9BBEE-9EF4-4253-8163-8751041642E7}.Debug|Any CPU.Build.0 = Debug|Any CPU
		{4AB9BBEE-9EF4-4253-8163-8751041642E7}.Debug|ARM.ActiveCfg = Debug|Any CPU
		{4AB9BBEE-9EF4-4253-8163-8751041642E7}.Debug|Mixed Platforms.ActiveCfg = Debug|Any CPU
		{4AB9BBEE-9EF4-4253-8163-8751041642E7}.Debug|Mixed Platforms.Build.0 = Debug|Any CPU
		{4AB9BBEE-9EF4-4253-8163-8751041642E7}.Debug|Win32.ActiveCfg = Debug|Any CPU
		{4AB9BBEE-9EF4-4253-8163-8751041642E7}.Debug|x64.ActiveCfg = Debug|Any CPU
		{4AB9BBEE-9EF4-4253-8163-8751041642E7}.Debug|x86.ActiveCfg = Debug|Any CPU
		{4AB9BBEE-9EF4-4253-8163-8751041642E7}.Release|Any CPU.ActiveCfg = Release|Any CPU
		{4AB9BBEE-9EF4-4253-8163-8751041642E7}.Release|Any CPU.Build.0 = Release|Any CPU
		{4AB9BBEE-9EF4-4253-8163-8751041642E7}.Release|ARM.ActiveCfg = Release|Any CPU
		{4AB9BBEE-9EF4-4253-8163-8751041642E7}.Release|Mixed Platforms.ActiveCfg = Release|Any CPU
		{4AB9BBEE-9EF4-4253-8163-8751041642E7}.Release|Mixed Platforms.Build.0 = Release|Any CPU
		{4AB9BBEE-9EF4-4253-8163-8751041642E7}.Release|Win32.ActiveCfg = Release|Any CPU
		{4AB9BBEE-9EF4-4253-8163-8751041642E7}.Release|x64.ActiveCfg = Release|Any CPU
		{4AB9BBEE-9EF4-4253-8163-8751041642E7}.Release|x86.ActiveCfg = Release|Any CPU
		{F57B1128-1DC6-44ED-96FA-F0FC45168AAD}.ClientDebug|Any CPU.ActiveCfg = Debug|Any CPU
		{F57B1128-1DC6-44ED-96FA-F0FC45168AAD}.ClientDebug|Any CPU.Build.0 = Debug|Any CPU
		{F57B1128-1DC6-44ED-96FA-F0FC45168AAD}.ClientDebug|ARM.ActiveCfg = Debug|Any CPU
		{F57B1128-1DC6-44ED-96FA-F0FC45168AAD}.ClientDebug|Mixed Platforms.ActiveCfg = Debug|Any CPU
		{F57B1128-1DC6-44ED-96FA-F0FC45168AAD}.ClientDebug|Mixed Platforms.Build.0 = Debug|Any CPU
		{F57B1128-1DC6-44ED-96FA-F0FC45168AAD}.ClientDebug|Win32.ActiveCfg = Debug|Any CPU
		{F57B1128-1DC6-44ED-96FA-F0FC45168AAD}.ClientDebug|x64.ActiveCfg = Debug|Any CPU
		{F57B1128-1DC6-44ED-96FA-F0FC45168AAD}.ClientDebug|x86.ActiveCfg = Debug|Any CPU
		{F57B1128-1DC6-44ED-96FA-F0FC45168AAD}.Debug|Any CPU.ActiveCfg = Debug|Any CPU
		{F57B1128-1DC6-44ED-96FA-F0FC45168AAD}.Debug|Any CPU.Build.0 = Debug|Any CPU
		{F57B1128-1DC6-44ED-96FA-F0FC45168AAD}.Debug|ARM.ActiveCfg = Debug|Any CPU
		{F57B1128-1DC6-44ED-96FA-F0FC45168AAD}.Debug|Mixed Platforms.ActiveCfg = Debug|Any CPU
		{F57B1128-1DC6-44ED-96FA-F0FC45168AAD}.Debug|Mixed Platforms.Build.0 = Debug|Any CPU
		{F57B1128-1DC6-44ED-96FA-F0FC45168AAD}.Debug|Win32.ActiveCfg = Debug|Any CPU
		{F57B1128-1DC6-44ED-96FA-F0FC45168AAD}.Debug|x64.ActiveCfg = Debug|Any CPU
		{F57B1128-1DC6-44ED-96FA-F0FC45168AAD}.Debug|x86.ActiveCfg = Debug|Any CPU
		{F57B1128-1DC6-44ED-96FA-F0FC45168AAD}.Release|Any CPU.ActiveCfg = Release|Any CPU
		{F57B1128-1DC6-44ED-96FA-F0FC45168AAD}.Release|Any CPU.Build.0 = Release|Any CPU
		{F57B1128-1DC6-44ED-96FA-F0FC45168AAD}.Release|ARM.ActiveCfg = Release|Any CPU
		{F57B1128-1DC6-44ED-96FA-F0FC45168AAD}.Release|Mixed Platforms.ActiveCfg = Release|Any CPU
		{F57B1128-1DC6-44ED-96FA-F0FC45168AAD}.Release|Mixed Platforms.Build.0 = Release|Any CPU
		{F57B1128-1DC6-44ED-96FA-F0FC45168AAD}.Release|Win32.ActiveCfg = Release|Any CPU
		{F57B1128-1DC6-44ED-96FA-F0FC45168AAD}.Release|x64.ActiveCfg = Release|Any CPU
		{F57B1128-1DC6-44ED-96FA-F0FC45168AAD}.Release|x86.ActiveCfg = Release|Any CPU
		{10B55334-CC93-46F4-9B2E-0D75E49F3BC3}.ClientDebug|Any CPU.ActiveCfg = Debug|Any CPU
		{10B55334-CC93-46F4-9B2E-0D75E49F3BC3}.ClientDebug|Any CPU.Build.0 = Debug|Any CPU
		{10B55334-CC93-46F4-9B2E-0D75E49F3BC3}.ClientDebug|ARM.ActiveCfg = Debug|Any CPU
		{10B55334-CC93-46F4-9B2E-0D75E49F3BC3}.ClientDebug|Mixed Platforms.ActiveCfg = Debug|Any CPU
		{10B55334-CC93-46F4-9B2E-0D75E49F3BC3}.ClientDebug|Mixed Platforms.Build.0 = Debug|Any CPU
		{10B55334-CC93-46F4-9B2E-0D75E49F3BC3}.ClientDebug|Win32.ActiveCfg = Debug|Any CPU
		{10B55334-CC93-46F4-9B2E-0D75E49F3BC3}.ClientDebug|x64.ActiveCfg = Debug|Any CPU
		{10B55334-CC93-46F4-9B2E-0D75E49F3BC3}.ClientDebug|x86.ActiveCfg = Debug|Any CPU
		{10B55334-CC93-46F4-9B2E-0D75E49F3BC3}.Debug|Any CPU.ActiveCfg = Debug|Any CPU
		{10B55334-CC93-46F4-9B2E-0D75E49F3BC3}.Debug|Any CPU.Build.0 = Debug|Any CPU
		{10B55334-CC93-46F4-9B2E-0D75E49F3BC3}.Debug|ARM.ActiveCfg = Debug|Any CPU
		{10B55334-CC93-46F4-9B2E-0D75E49F3BC3}.Debug|Mixed Platforms.ActiveCfg = Debug|Any CPU
		{10B55334-CC93-46F4-9B2E-0D75E49F3BC3}.Debug|Mixed Platforms.Build.0 = Debug|Any CPU
		{10B55334-CC93-46F4-9B2E-0D75E49F3BC3}.Debug|Win32.ActiveCfg = Debug|Any CPU
		{10B55334-CC93-46F4-9B2E-0D75E49F3BC3}.Debug|x64.ActiveCfg = Debug|Any CPU
		{10B55334-CC93-46F4-9B2E-0D75E49F3BC3}.Debug|x86.ActiveCfg = Debug|Any CPU
		{10B55334-CC93-46F4-9B2E-0D75E49F3BC3}.Release|Any CPU.ActiveCfg = Release|Any CPU
		{10B55334-CC93-46F4-9B2E-0D75E49F3BC3}.Release|Any CPU.Build.0 = Release|Any CPU
		{10B55334-CC93-46F4-9B2E-0D75E49F3BC3}.Release|ARM.ActiveCfg = Release|Any CPU
		{10B55334-CC93-46F4-9B2E-0D75E49F3BC3}.Release|Mixed Platforms.ActiveCfg = Release|Any CPU
		{10B55334-CC93-46F4-9B2E-0D75E49F3BC3}.Release|Mixed Platforms.Build.0 = Release|Any CPU
		{10B55334-CC93-46F4-9B2E-0D75E49F3BC3}.Release|Win32.ActiveCfg = Release|Any CPU
		{10B55334-CC93-46F4-9B2E-0D75E49F3BC3}.Release|x64.ActiveCfg = Release|Any CPU
		{10B55334-CC93-46F4-9B2E-0D75E49F3BC3}.Release|x86.ActiveCfg = Release|Any CPU
		{0AF7597F-40BD-42F9-9A0A-46BDB69E4873}.ClientDebug|Any CPU.ActiveCfg = Debug|Any CPU
		{0AF7597F-40BD-42F9-9A0A-46BDB69E4873}.ClientDebug|Any CPU.Build.0 = Debug|Any CPU
		{0AF7597F-40BD-42F9-9A0A-46BDB69E4873}.ClientDebug|ARM.ActiveCfg = Debug|Any CPU
		{0AF7597F-40BD-42F9-9A0A-46BDB69E4873}.ClientDebug|Mixed Platforms.ActiveCfg = Debug|Any CPU
		{0AF7597F-40BD-42F9-9A0A-46BDB69E4873}.ClientDebug|Mixed Platforms.Build.0 = Debug|Any CPU
		{0AF7597F-40BD-42F9-9A0A-46BDB69E4873}.ClientDebug|Win32.ActiveCfg = Debug|Any CPU
		{0AF7597F-40BD-42F9-9A0A-46BDB69E4873}.ClientDebug|x64.ActiveCfg = Debug|Any CPU
		{0AF7597F-40BD-42F9-9A0A-46BDB69E4873}.ClientDebug|x86.ActiveCfg = Debug|Any CPU
		{0AF7597F-40BD-42F9-9A0A-46BDB69E4873}.Debug|Any CPU.ActiveCfg = Debug|Any CPU
		{0AF7597F-40BD-42F9-9A0A-46BDB69E4873}.Debug|Any CPU.Build.0 = Debug|Any CPU
		{0AF7597F-40BD-42F9-9A0A-46BDB69E4873}.Debug|ARM.ActiveCfg = Debug|Any CPU
		{0AF7597F-40BD-42F9-9A0A-46BDB69E4873}.Debug|Mixed Platforms.ActiveCfg = Debug|Any CPU
		{0AF7597F-40BD-42F9-9A0A-46BDB69E4873}.Debug|Mixed Platforms.Build.0 = Debug|Any CPU
		{0AF7597F-40BD-42F9-9A0A-46BDB69E4873}.Debug|Win32.ActiveCfg = Debug|Any CPU
		{0AF7597F-40BD-42F9-9A0A-46BDB69E4873}.Debug|x64.ActiveCfg = Debug|Any CPU
		{0AF7597F-40BD-42F9-9A0A-46BDB69E4873}.Debug|x86.ActiveCfg = Debug|Any CPU
		{0AF7597F-40BD-42F9-9A0A-46BDB69E4873}.Release|Any CPU.ActiveCfg = Release|Any CPU
		{0AF7597F-40BD-42F9-9A0A-46BDB69E4873}.Release|Any CPU.Build.0 = Release|Any CPU
		{0AF7597F-40BD-42F9-9A0A-46BDB69E4873}.Release|ARM.ActiveCfg = Release|Any CPU
		{0AF7597F-40BD-42F9-9A0A-46BDB69E4873}.Release|Mixed Platforms.ActiveCfg = Release|Any CPU
		{0AF7597F-40BD-42F9-9A0A-46BDB69E4873}.Release|Mixed Platforms.Build.0 = Release|Any CPU
		{0AF7597F-40BD-42F9-9A0A-46BDB69E4873}.Release|Win32.ActiveCfg = Release|Any CPU
		{0AF7597F-40BD-42F9-9A0A-46BDB69E4873}.Release|x64.ActiveCfg = Release|Any CPU
		{0AF7597F-40BD-42F9-9A0A-46BDB69E4873}.Release|x86.ActiveCfg = Release|Any CPU
		{DED3B5C8-01B5-4E83-96C2-CA454FC3417C}.ClientDebug|Any CPU.ActiveCfg = Debug|Any CPU
		{DED3B5C8-01B5-4E83-96C2-CA454FC3417C}.ClientDebug|Any CPU.Build.0 = Debug|Any CPU
		{DED3B5C8-01B5-4E83-96C2-CA454FC3417C}.ClientDebug|ARM.ActiveCfg = Debug|Any CPU
		{DED3B5C8-01B5-4E83-96C2-CA454FC3417C}.ClientDebug|Mixed Platforms.ActiveCfg = Debug|Any CPU
		{DED3B5C8-01B5-4E83-96C2-CA454FC3417C}.ClientDebug|Mixed Platforms.Build.0 = Debug|Any CPU
		{DED3B5C8-01B5-4E83-96C2-CA454FC3417C}.ClientDebug|Win32.ActiveCfg = Debug|Any CPU
		{DED3B5C8-01B5-4E83-96C2-CA454FC3417C}.ClientDebug|x64.ActiveCfg = Debug|Any CPU
		{DED3B5C8-01B5-4E83-96C2-CA454FC3417C}.ClientDebug|x86.ActiveCfg = Debug|Any CPU
		{DED3B5C8-01B5-4E83-96C2-CA454FC3417C}.Debug|Any CPU.ActiveCfg = Debug|Any CPU
		{DED3B5C8-01B5-4E83-96C2-CA454FC3417C}.Debug|Any CPU.Build.0 = Debug|Any CPU
		{DED3B5C8-01B5-4E83-96C2-CA454FC3417C}.Debug|ARM.ActiveCfg = Debug|Any CPU
		{DED3B5C8-01B5-4E83-96C2-CA454FC3417C}.Debug|Mixed Platforms.ActiveCfg = Debug|Any CPU
		{DED3B5C8-01B5-4E83-96C2-CA454FC3417C}.Debug|Mixed Platforms.Build.0 = Debug|Any CPU
		{DED3B5C8-01B5-4E83-96C2-CA454FC3417C}.Debug|Win32.ActiveCfg = Debug|Any CPU
		{DED3B5C8-01B5-4E83-96C2-CA454FC3417C}.Debug|x64.ActiveCfg = Debug|Any CPU
		{DED3B5C8-01B5-4E83-96C2-CA454FC3417C}.Debug|x86.ActiveCfg = Debug|Any CPU
		{DED3B5C8-01B5-4E83-96C2-CA454FC3417C}.Release|Any CPU.ActiveCfg = Release|Any CPU
		{DED3B5C8-01B5-4E83-96C2-CA454FC3417C}.Release|Any CPU.Build.0 = Release|Any CPU
		{DED3B5C8-01B5-4E83-96C2-CA454FC3417C}.Release|ARM.ActiveCfg = Release|Any CPU
		{DED3B5C8-01B5-4E83-96C2-CA454FC3417C}.Release|Mixed Platforms.ActiveCfg = Release|Any CPU
		{DED3B5C8-01B5-4E83-96C2-CA454FC3417C}.Release|Mixed Platforms.Build.0 = Release|Any CPU
		{DED3B5C8-01B5-4E83-96C2-CA454FC3417C}.Release|Win32.ActiveCfg = Release|Any CPU
		{DED3B5C8-01B5-4E83-96C2-CA454FC3417C}.Release|x64.ActiveCfg = Release|Any CPU
		{DED3B5C8-01B5-4E83-96C2-CA454FC3417C}.Release|x86.ActiveCfg = Release|Any CPU
		{D1D4554C-303E-457B-84BB-92ED803E1076}.ClientDebug|Any CPU.ActiveCfg = Debug|Any CPU
		{D1D4554C-303E-457B-84BB-92ED803E1076}.ClientDebug|Any CPU.Build.0 = Debug|Any CPU
		{D1D4554C-303E-457B-84BB-92ED803E1076}.ClientDebug|ARM.ActiveCfg = Debug|Any CPU
		{D1D4554C-303E-457B-84BB-92ED803E1076}.ClientDebug|Mixed Platforms.ActiveCfg = Debug|Any CPU
		{D1D4554C-303E-457B-84BB-92ED803E1076}.ClientDebug|Mixed Platforms.Build.0 = Debug|Any CPU
		{D1D4554C-303E-457B-84BB-92ED803E1076}.ClientDebug|Win32.ActiveCfg = Debug|Any CPU
		{D1D4554C-303E-457B-84BB-92ED803E1076}.ClientDebug|x64.ActiveCfg = Debug|Any CPU
		{D1D4554C-303E-457B-84BB-92ED803E1076}.ClientDebug|x86.ActiveCfg = Debug|Any CPU
		{D1D4554C-303E-457B-84BB-92ED803E1076}.Debug|Any CPU.ActiveCfg = Debug|Any CPU
		{D1D4554C-303E-457B-84BB-92ED803E1076}.Debug|Any CPU.Build.0 = Debug|Any CPU
		{D1D4554C-303E-457B-84BB-92ED803E1076}.Debug|ARM.ActiveCfg = Debug|Any CPU
		{D1D4554C-303E-457B-84BB-92ED803E1076}.Debug|Mixed Platforms.ActiveCfg = Debug|Any CPU
		{D1D4554C-303E-457B-84BB-92ED803E1076}.Debug|Mixed Platforms.Build.0 = Debug|Any CPU
		{D1D4554C-303E-457B-84BB-92ED803E1076}.Debug|Win32.ActiveCfg = Debug|Any CPU
		{D1D4554C-303E-457B-84BB-92ED803E1076}.Debug|x64.ActiveCfg = Debug|Any CPU
		{D1D4554C-303E-457B-84BB-92ED803E1076}.Debug|x86.ActiveCfg = Debug|Any CPU
		{D1D4554C-303E-457B-84BB-92ED803E1076}.Release|Any CPU.ActiveCfg = Release|Any CPU
		{D1D4554C-303E-457B-84BB-92ED803E1076}.Release|Any CPU.Build.0 = Release|Any CPU
		{D1D4554C-303E-457B-84BB-92ED803E1076}.Release|ARM.ActiveCfg = Release|Any CPU
		{D1D4554C-303E-457B-84BB-92ED803E1076}.Release|Mixed Platforms.ActiveCfg = Release|Any CPU
		{D1D4554C-303E-457B-84BB-92ED803E1076}.Release|Mixed Platforms.Build.0 = Release|Any CPU
		{D1D4554C-303E-457B-84BB-92ED803E1076}.Release|Win32.ActiveCfg = Release|Any CPU
		{D1D4554C-303E-457B-84BB-92ED803E1076}.Release|x64.ActiveCfg = Release|Any CPU
		{D1D4554C-303E-457B-84BB-92ED803E1076}.Release|x86.ActiveCfg = Release|Any CPU
		{C3100F36-D8C4-41D1-A3E4-4EFA87E7D10D}.ClientDebug|Any CPU.ActiveCfg = Debug|Any CPU
		{C3100F36-D8C4-41D1-A3E4-4EFA87E7D10D}.ClientDebug|Any CPU.Build.0 = Debug|Any CPU
		{C3100F36-D8C4-41D1-A3E4-4EFA87E7D10D}.ClientDebug|ARM.ActiveCfg = Debug|Any CPU
		{C3100F36-D8C4-41D1-A3E4-4EFA87E7D10D}.ClientDebug|Mixed Platforms.ActiveCfg = Debug|Any CPU
		{C3100F36-D8C4-41D1-A3E4-4EFA87E7D10D}.ClientDebug|Mixed Platforms.Build.0 = Debug|Any CPU
		{C3100F36-D8C4-41D1-A3E4-4EFA87E7D10D}.ClientDebug|Win32.ActiveCfg = Debug|Any CPU
		{C3100F36-D8C4-41D1-A3E4-4EFA87E7D10D}.ClientDebug|x64.ActiveCfg = Debug|Any CPU
		{C3100F36-D8C4-41D1-A3E4-4EFA87E7D10D}.ClientDebug|x86.ActiveCfg = Debug|Any CPU
		{C3100F36-D8C4-41D1-A3E4-4EFA87E7D10D}.Debug|Any CPU.ActiveCfg = Debug|Any CPU
		{C3100F36-D8C4-41D1-A3E4-4EFA87E7D10D}.Debug|Any CPU.Build.0 = Debug|Any CPU
		{C3100F36-D8C4-41D1-A3E4-4EFA87E7D10D}.Debug|ARM.ActiveCfg = Debug|Any CPU
		{C3100F36-D8C4-41D1-A3E4-4EFA87E7D10D}.Debug|Mixed Platforms.ActiveCfg = Debug|Any CPU
		{C3100F36-D8C4-41D1-A3E4-4EFA87E7D10D}.Debug|Mixed Platforms.Build.0 = Debug|Any CPU
		{C3100F36-D8C4-41D1-A3E4-4EFA87E7D10D}.Debug|Win32.ActiveCfg = Debug|Any CPU
		{C3100F36-D8C4-41D1-A3E4-4EFA87E7D10D}.Debug|x64.ActiveCfg = Debug|Any CPU
		{C3100F36-D8C4-41D1-A3E4-4EFA87E7D10D}.Debug|x86.ActiveCfg = Debug|Any CPU
		{C3100F36-D8C4-41D1-A3E4-4EFA87E7D10D}.Release|Any CPU.ActiveCfg = Release|Any CPU
		{C3100F36-D8C4-41D1-A3E4-4EFA87E7D10D}.Release|Any CPU.Build.0 = Release|Any CPU
		{C3100F36-D8C4-41D1-A3E4-4EFA87E7D10D}.Release|ARM.ActiveCfg = Release|Any CPU
		{C3100F36-D8C4-41D1-A3E4-4EFA87E7D10D}.Release|Mixed Platforms.ActiveCfg = Release|Any CPU
		{C3100F36-D8C4-41D1-A3E4-4EFA87E7D10D}.Release|Mixed Platforms.Build.0 = Release|Any CPU
		{C3100F36-D8C4-41D1-A3E4-4EFA87E7D10D}.Release|Win32.ActiveCfg = Release|Any CPU
		{C3100F36-D8C4-41D1-A3E4-4EFA87E7D10D}.Release|x64.ActiveCfg = Release|Any CPU
		{C3100F36-D8C4-41D1-A3E4-4EFA87E7D10D}.Release|x86.ActiveCfg = Release|Any CPU
	EndGlobalSection
	GlobalSection(SolutionProperties) = preSolution
		HideSolutionNode = FALSE
	EndGlobalSection
	GlobalSection(NestedProjects) = preSolution
		{93CF03B5-8A1A-4E3A-B9DE-2A42BDAC6858} = {1C5F5FF2-F4AD-4745-B3D2-F9325CA363D3}
		{B114FC72-2C19-4A35-ABD5-C55BA6EBA1D5} = {1C5F5FF2-F4AD-4745-B3D2-F9325CA363D3}
		{EE86E1A9-FFEA-4C8E-A1BE-30FF0AD3AB78} = {1C5F5FF2-F4AD-4745-B3D2-F9325CA363D3}
		{9B69CC8C-22E4-4A2A-AB08-C04CE905F143} = {AF658F57-DCBA-48B4-8466-8475DA86058A}
		{238489E7-A61B-4606-B0BB-A2E7E5DD1B88} = {AF658F57-DCBA-48B4-8466-8475DA86058A}
		{1C51A823-842B-403E-BDAE-9498ED18F41F} = {AF658F57-DCBA-48B4-8466-8475DA86058A}
		{6074DB78-93FE-4AE1-A297-DE14259EF866} = {AF658F57-DCBA-48B4-8466-8475DA86058A}
		{44841FF0-B3F6-4410-8512-60F48756070D} = {AF658F57-DCBA-48B4-8466-8475DA86058A}
		{BF532D34-833C-4FB3-88CA-07E58510F130} = {AF658F57-DCBA-48B4-8466-8475DA86058A}
		{B423D503-28D4-497C-9A7D-804BD60E6C15} = {AF658F57-DCBA-48B4-8466-8475DA86058A}
		{3F789879-0944-463C-A747-2F74AD916186} = {B8DBF8CA-1178-4C5F-8C34-6E73DA0B64F0}
		{F1F63113-59BE-4CB9-90AB-0FEA9DE4379E} = {B8DBF8CA-1178-4C5F-8C34-6E73DA0B64F0}
		{D9B1E621-4C9D-4E76-8575-5B2F8FBB8988} = {B8DBF8CA-1178-4C5F-8C34-6E73DA0B64F0}
		{2B68B717-75D4-44CE-B6E8-64249A5F9A70} = {B8DBF8CA-1178-4C5F-8C34-6E73DA0B64F0}
		{71272F38-FC7D-4170-8411-51E27200C791} = {B8DBF8CA-1178-4C5F-8C34-6E73DA0B64F0}
		{62467325-6D15-4161-A09D-07B7793DAB68} = {B8DBF8CA-1178-4C5F-8C34-6E73DA0B64F0}
		{DB0E2F8C-2834-470B-8BC8-879A35DF570B} = {B8DBF8CA-1178-4C5F-8C34-6E73DA0B64F0}
		{CCBE8D2E-AF1A-459D-AE0F-375F7BF72129} = {B8DBF8CA-1178-4C5F-8C34-6E73DA0B64F0}
		{74363882-6ECC-40F5-A7E7-139DD95B52D3} = {B8DBF8CA-1178-4C5F-8C34-6E73DA0B64F0}
		{3CBE5764-0BCC-427F-88AE-F186ED0515AA} = {B8DBF8CA-1178-4C5F-8C34-6E73DA0B64F0}
		{3AEAA9B3-D3FB-4666-A3F3-07ED31583CEA} = {AEF9F45F-34BF-435B-91BE-FBA196F9716E}
		{1B3F3606-1E74-4555-8589-A4A0D4AAD3AF} = {AEF9F45F-34BF-435B-91BE-FBA196F9716E}
		{DAA1AD88-67AB-4509-9F00-17480CDF6B44} = {AEF9F45F-34BF-435B-91BE-FBA196F9716E}
		{7ABA533E-42E6-431E-82C8-9DCB5E22EA8A} = {AEF9F45F-34BF-435B-91BE-FBA196F9716E}
		{FEA11D4E-80F4-40E4-AFC5-8614F0CC1013} = {AEF9F45F-34BF-435B-91BE-FBA196F9716E}
		{0AF7597F-40BD-42F9-9A0A-46BDB69E4873} = {AEF9F45F-34BF-435B-91BE-FBA196F9716E}
		{DED3B5C8-01B5-4E83-96C2-CA454FC3417C} = {AEF9F45F-34BF-435B-91BE-FBA196F9716E}
		{D1D4554C-303E-457B-84BB-92ED803E1076} = {AEF9F45F-34BF-435B-91BE-FBA196F9716E}
		{C3100F36-D8C4-41D1-A3E4-4EFA87E7D10D} = {AEF9F45F-34BF-435B-91BE-FBA196F9716E}
		{D3EFD088-F015-4B3F-9796-861D548FC02C} = {AEF9F45F-34BF-435B-91BE-FBA196F9716E}
		{C86E37D6-BE07-4B1C-B89A-8FC1A9A6CBB8} = {3AEAA9B3-D3FB-4666-A3F3-07ED31583CEA}
		{F53D1B3A-6159-4F76-9253-4E486E72D835} = {7DBB49CF-CAE0-473A-A36B-AC0AF92FC75F}
		{6F879B8B-C4B1-4E8D-9BF2-C6376B05E4EC} = {9ED47993-DCB7-43E5-BC68-026BFF7E2DFD}
		{8A302CE4-8BD6-46D9-AA61-92E7A2CB6F5E} = {9ED47993-DCB7-43E5-BC68-026BFF7E2DFD}
		{B7DEF861-D0E5-47CE-AEB7-2E9B6091B52F} = {9ED47993-DCB7-43E5-BC68-026BFF7E2DFD}
		{7C1E0409-69EF-407F-B063-29057BE04992} = {EE86E1A9-FFEA-4C8E-A1BE-30FF0AD3AB78}
		{239CA191-4A9B-4C7D-BC61-D1B82CD678D5} = {EE86E1A9-FFEA-4C8E-A1BE-30FF0AD3AB78}
		{CC5D5149-0092-4508-AC34-2ABE1468A1C9} = {8A302CE4-8BD6-46D9-AA61-92E7A2CB6F5E}
		{FD48314A-9615-4BA6-913A-03787FB2DD30} = {8A302CE4-8BD6-46D9-AA61-92E7A2CB6F5E}
		{BCED5CED-5AE7-4684-A9A4-277DADB04857} = {046B427C-ECB3-40CF-94CA-7935052852EF}
		{D3394DA2-560D-4A25-9486-A68503B9E360} = {BDB09C07-60BD-46D0-AECB-057D7F5590EA}
		{23A86E68-65DA-447B-A29A-C7FDEB043A1F} = {BDB09C07-60BD-46D0-AECB-057D7F5590EA}
		{A7F94CC5-47D0-43A4-8BB7-5F07E048BD18} = {BDB09C07-60BD-46D0-AECB-057D7F5590EA}
		{7F1F2F10-44C0-4B43-A0FC-3EF45F16474C} = {1B3F3606-1E74-4555-8589-A4A0D4AAD3AF}
		{B9EE271D-461E-4B89-97DF-CE64109F5B90} = {20C51D08-5024-40FC-8A24-25319647B5D8}
		{4D8C8039-0408-4FE7-9CE9-6A5005D072F2} = {DAA1AD88-67AB-4509-9F00-17480CDF6B44}
		{4AB9BBEE-9EF4-4253-8163-8751041642E7} = {7ABA533E-42E6-431E-82C8-9DCB5E22EA8A}
		{F57B1128-1DC6-44ED-96FA-F0FC45168AAD} = {7ABA533E-42E6-431E-82C8-9DCB5E22EA8A}
		{10B55334-CC93-46F4-9B2E-0D75E49F3BC3} = {7ABA533E-42E6-431E-82C8-9DCB5E22EA8A}
		{EE0B8570-7E26-4F8E-B9E8-F57796D5ABD5} = {FEA11D4E-80F4-40E4-AFC5-8614F0CC1013}
		{5D3562F1-F860-4F94-95FF-272A31F5A7E4} = {CCBE8D2E-AF1A-459D-AE0F-375F7BF72129}
		{4946E6E9-0FA0-4996-9BB4-3A87AFFDCCE5} = {CCBE8D2E-AF1A-459D-AE0F-375F7BF72129}
	EndGlobalSection
EndGlobal
